// !$*UTF8*$!
{
	archiveVersion = 1;
	classes = {
	};
	objectVersion = 77;
	objects = {

/* Begin PBXBuildFile section */
		00C30C78C3B3DCBB2510965B /* SplashViewModel.swift in Sources */ = {isa = PBXBuildFile; fileRef = 432BA0B8044C9DFBDF0A775F /* SplashViewModel.swift */; };
		03E667ED9034CC025B6468D7 /* RewardsViewController.swift in Sources */ = {isa = PBXBuildFile; fileRef = 38DE5F7D6A191092586234B4 /* RewardsViewController.swift */; };
		045BF3100512B4E3D09C90AD /* UIColor+DesignSystem.swift in Sources */ = {isa = PBXBuildFile; fileRef = B39B7FFBD0ED24BC08CDBDEA /* UIColor+DesignSystem.swift */; };
		07FA7CA9C901430FECEFA38A /* AuthServiceTests.swift in Sources */ = {isa = PBXBuildFile; fileRef = F83C751956528EA1AE7BDB83 /* AuthServiceTests.swift */; };
		0F2C02E134E24351D8194809 /* AppDelegate.swift in Sources */ = {isa = PBXBuildFile; fileRef = 02DD814BCBA176B420609928 /* AppDelegate.swift */; };
		121BD04631EB1829ECE08815 /* ProductDetailViewController.swift in Sources */ = {isa = PBXBuildFile; fileRef = EAC83ACFF0A5DF33C61C9592 /* ProductDetailViewController.swift */; };
		1A9543971AC8A707F69F85B3 /* CheckoutCoordinator.swift in Sources */ = {isa = PBXBuildFile; fileRef = 9FA69B3BC3DDA7AA7D0637CF /* CheckoutCoordinator.swift */; };
		1D9C04D0FCBC70FB9BA8B05B /* SyrupSelectionViewModel.swift in Sources */ = {isa = PBXBuildFile; fileRef = 499FF09CADF997445D91DA73 /* SyrupSelectionViewModel.swift */; };
		1DB894BC6C7A95E87CD7DABD /* AdditivesSelectionViewModel.swift in Sources */ = {isa = PBXBuildFile; fileRef = FFE2E5E22A4C393C3B6A5C7C /* AdditivesSelectionViewModel.swift */; };
		223F95E7BE182B7FBBEF8DD0 /* CatalogViewController.swift in Sources */ = {isa = PBXBuildFile; fileRef = 5060916941E610F4EC8A2D50 /* CatalogViewController.swift */; };
		231BC50DAEABF8A496783130 /* MilkSelectionViewModel.swift in Sources */ = {isa = PBXBuildFile; fileRef = 6062F7D22F0D59B324625A86 /* MilkSelectionViewModel.swift */; };
		24433B056DC805BC12A1AEBC /* SplashViewController.swift in Sources */ = {isa = PBXBuildFile; fileRef = ED23B2A8839479CD8DF6A772 /* SplashViewController.swift */; };
		25C9600AED5CAE4703479D2D /* BaristaService.swift in Sources */ = {isa = PBXBuildFile; fileRef = B99EE269BF1B964CE36E674E /* BaristaService.swift */; };
		25FA751D0A04F8DE79E87930 /* SceneDelegate.swift in Sources */ = {isa = PBXBuildFile; fileRef = 05E2F62272C1AC1FD1AEF823 /* SceneDelegate.swift */; };
		268D65C04216027D2E14526D /* ReviewViewModelTests.swift in Sources */ = {isa = PBXBuildFile; fileRef = AF5D8F3E549FD6526F88EC76 /* ReviewViewModelTests.swift */; };
		2741BE5699B4D2C414C4BF5E /* AssemblageSummaryViewController.swift in Sources */ = {isa = PBXBuildFile; fileRef = 3EBFEADD1D80EB10AA753A10 /* AssemblageSummaryViewController.swift */; };
		2DE9E320872E2B1A7D648CEF /* HistoryOrdersViewModel.swift in Sources */ = {isa = PBXBuildFile; fileRef = 13E15B428114C6B4B85BFD2B /* HistoryOrdersViewModel.swift */; };
		2F2C2026BCFC11EB21B13509 /* RedeemViewModel.swift in Sources */ = {isa = PBXBuildFile; fileRef = ADDCC539C9BA2DC619D1319D /* RedeemViewModel.swift */; };
		3BC3407AAE0AA9B4443FCA58 /* AuthCoordinator.swift in Sources */ = {isa = PBXBuildFile; fileRef = DC3F64407DF94E93D8314CDB /* AuthCoordinator.swift */; };
		40CDA7D00AFE1109D96C90C8 /* ReviewViewModel.swift in Sources */ = {isa = PBXBuildFile; fileRef = BF84FF99AF7CA550D29C585C /* ReviewViewModel.swift */; };
		40FC77A223A7D4038D03C08F /* SignUpViewModel.swift in Sources */ = {isa = PBXBuildFile; fileRef = 08540C7EFE849A34E68CA8C2 /* SignUpViewModel.swift */; };
		451B3D032CEA57E72D60EC9B /* VerificationViewController.swift in Sources */ = {isa = PBXBuildFile; fileRef = 296BBFF62FF1434DA6C35C9D /* VerificationViewController.swift */; };
		462EF13A08FD14F0C5A33F20 /* PaymentViewController.swift in Sources */ = {isa = PBXBuildFile; fileRef = E46EFC5093EF8B1575F66DBD /* PaymentViewController.swift */; };
		46B2423853A34CAAD80305F6 /* CatalogCoordinator.swift in Sources */ = {isa = PBXBuildFile; fileRef = 5C8A39A9E728071C029AD0DE /* CatalogCoordinator.swift */; };
		485CC49D5C4E33F2558AB573 /* ProfileViewController.swift in Sources */ = {isa = PBXBuildFile; fileRef = FF68A7BD1659AC966B5C8473 /* ProfileViewController.swift */; };
		49DF3E06D78841144905CDBF /* Poppins-Bold.ttf in Resources */ = {isa = PBXBuildFile; fileRef = 975F21989C0BC1F22D6A26D7 /* Poppins-Bold.ttf */; };
		5010EF95A5735B1C409473FC /* ConfirmationViewController.swift in Sources */ = {isa = PBXBuildFile; fileRef = 8CB60D626AE7DFADCF17855D /* ConfirmationViewController.swift */; };
		5070C0274555AD639C7A8BB0 /* AssemblageCoordinator.swift in Sources */ = {isa = PBXBuildFile; fileRef = 120BDD90858868435DC518F7 /* AssemblageCoordinator.swift */; };
		517CE4FC1145F2826BDB937A /* StoreListViewController.swift in Sources */ = {isa = PBXBuildFile; fileRef = 59EE2CFAFF3C2E130AA3C0A8 /* StoreListViewController.swift */; };
		56DB96FAEEDC6AB36956EE56 /* OrderServiceTests.swift in Sources */ = {isa = PBXBuildFile; fileRef = 83739BC6B289034979A8EC65 /* OrderServiceTests.swift */; };
		5797BFE457FD53E229786566 /* ConfirmationViewModel.swift in Sources */ = {isa = PBXBuildFile; fileRef = EFA05243554CAAB8477E702D /* ConfirmationViewModel.swift */; };
		5AEC1E48551B55C645C1F03A /* MCTextField.swift in Sources */ = {isa = PBXBuildFile; fileRef = 64BA11429BC01BEF3D461BFB /* MCTextField.swift */; };
		5E4DA6647B85047CF0B55917 /* MainTabCoordinator.swift in Sources */ = {isa = PBXBuildFile; fileRef = 00DCA3C46BB4A8E1025C4320 /* MainTabCoordinator.swift */; };
		5F24559187679344CA5D759E /* VerificationViewModel.swift in Sources */ = {isa = PBXBuildFile; fileRef = 9AB9BE38FC81AF7C8CCD1C1C /* VerificationViewModel.swift */; };
		61A9E4B8C040CE732432589E /* ProfileCoordinator.swift in Sources */ = {isa = PBXBuildFile; fileRef = 656193C483A72AFE439AF135 /* ProfileCoordinator.swift */; };
		62F25BBEF352D059E9390312 /* AssemblageState.swift in Sources */ = {isa = PBXBuildFile; fileRef = FB90CD1DC31BCAA388032765 /* AssemblageState.swift */; };
		65A1C85F389DFEDB7B47FE92 /* MilkSelectionViewController.swift in Sources */ = {isa = PBXBuildFile; fileRef = 0475528E918950D01D22D200 /* MilkSelectionViewController.swift */; };
		67261DDF414BA1973AA02062 /* PrePaymentListViewModel.swift in Sources */ = {isa = PBXBuildFile; fileRef = F67EED73F2259ED2ED706042 /* PrePaymentListViewModel.swift */; };
		6C36687ED2F659ACBB1CF75B /* MapViewModel.swift in Sources */ = {isa = PBXBuildFile; fileRef = 01B32A6C97126E36DE0E68FE /* MapViewModel.swift */; };
		71AD1E3C9C3C069965877684 /* AuthService.swift in Sources */ = {isa = PBXBuildFile; fileRef = DC17B4689DF9A3C2724E8CFD /* AuthService.swift */; };
		73F71F7CBBEC6434502B663D /* CoreDataStack.swift in Sources */ = {isa = PBXBuildFile; fileRef = 2EC7B11B8BF76F77B5E8A5D1 /* CoreDataStack.swift */; };
		8114F2770341F11AAC8C4BF3 /* DataSeederTests.swift in Sources */ = {isa = PBXBuildFile; fileRef = E7C6DA62F67D46292E05E525 /* DataSeederTests.swift */; };
		845D442C2B9FDB6B1F532907 /* BaristaSelectionViewController.swift in Sources */ = {isa = PBXBuildFile; fileRef = DEEE0E3D4805F640375D5062 /* BaristaSelectionViewController.swift */; };
		85D28E38CDCDF8D642B4CBD6 /* LoyaltyService.swift in Sources */ = {isa = PBXBuildFile; fileRef = DF36F0DC259F6DCCCB4D3C20 /* LoyaltyService.swift */; };
		8B2A4EA5A8CFF0E5EA69667E /* UIFont+DesignSystem.swift in Sources */ = {isa = PBXBuildFile; fileRef = 1508A097A67A4DFC3791A045 /* UIFont+DesignSystem.swift */; };
		8BD6E022CDC89B32B0B372C1 /* PaymentViewModel.swift in Sources */ = {isa = PBXBuildFile; fileRef = 381A938518D20A28B2BFA678 /* PaymentViewModel.swift */; };
		8CDA2D81F5824C7A96FFC459 /* StoreSelectionCoordinator.swift in Sources */ = {isa = PBXBuildFile; fileRef = A316FEFB053B619E407C41CA /* StoreSelectionCoordinator.swift */; };
		8D6133A525A4B4B81A314DBA /* ForgotPasswordViewModel.swift in Sources */ = {isa = PBXBuildFile; fileRef = 420D376577AC4DAA52DBC480 /* ForgotPasswordViewModel.swift */; };
		8DEB71A2F79DCA470D2C1631 /* AuthUI.swift in Sources */ = {isa = PBXBuildFile; fileRef = 93B501B15337089F16AB9B8A /* AuthUI.swift */; };
		8E2E3B7E75647C3C37F5F6A4 /* BaristaServiceTests.swift in Sources */ = {isa = PBXBuildFile; fileRef = EE07DEE5679A01C4AAC97953 /* BaristaServiceTests.swift */; };
		913F2351400608AB21F4F3AC /* MyOrdersViewController.swift in Sources */ = {isa = PBXBuildFile; fileRef = 9218BF8A43183076205365AC /* MyOrdersViewController.swift */; };
		91E2AFBE2B0B7B9E6DDBE3B4 /* LoyaltyServiceTests.swift in Sources */ = {isa = PBXBuildFile; fileRef = 17DA06A369DF1B3F1904B834 /* LoyaltyServiceTests.swift */; };
		939BFB3DB14D301DB03399B7 /* DMSans-Medium.ttf in Resources */ = {isa = PBXBuildFile; fileRef = 31F0862025A97EAFC4E2BF73 /* DMSans-Medium.ttf */; };
		95A5C45B137DCD712C5BA4AD /* CoffeeSortSelectionViewController.swift in Sources */ = {isa = PBXBuildFile; fileRef = FE2EB1954B2656E028D6426D /* CoffeeSortSelectionViewController.swift */; };
		986FAF745E57DA9F0CEB2667 /* ProductServiceTests.swift in Sources */ = {isa = PBXBuildFile; fileRef = 9ABBB2E98720887E97FEF45E /* ProductServiceTests.swift */; };
		9989953A2D416658387DC44A /* CatalogViewModel.swift in Sources */ = {isa = PBXBuildFile; fileRef = 537B7163AC273FD98299FA6D /* CatalogViewModel.swift */; };
		9BC5BEBD53EECE4C355D68EF /* MapViewController.swift in Sources */ = {isa = PBXBuildFile; fileRef = 5EF134C94E1832EFC03BD2C7 /* MapViewController.swift */; };
		9C9AB77B4DE3BDD90E157A55 /* AdditivesSelectionViewController.swift in Sources */ = {isa = PBXBuildFile; fileRef = 62917E5835CACC8EF2616F7B /* AdditivesSelectionViewController.swift */; };
		9CDA247BCBAABD42B7588512 /* MagicCoffeeUITests.swift in Sources */ = {isa = PBXBuildFile; fileRef = 437742AA234004CD9D62878C /* MagicCoffeeUITests.swift */; };
		9D4C3E07E3049B23E7CFFB7E /* Assets.xcassets in Resources */ = {isa = PBXBuildFile; fileRef = DBC8BA25AFBB040EC98F0359 /* Assets.xcassets */; };
		9FBD9F9DCDA8E67DFC8E4671 /* ImageFileManager.swift in Sources */ = {isa = PBXBuildFile; fileRef = A921F3C2FD75B541EB6E0ECB /* ImageFileManager.swift */; };
		A379D91F61D5C0009D3B0DEC /* EncyclopediaViewModel.swift in Sources */ = {isa = PBXBuildFile; fileRef = F6F540771089F4902260C9F0 /* EncyclopediaViewModel.swift */; };
		A518C329B65B5F5F3C4FADFF /* ProfileViewModel.swift in Sources */ = {isa = PBXBuildFile; fileRef = 4F829422D592CFBDBB0C6D22 /* ProfileViewModel.swift */; };
		A5DACB77258CFE751546FB9A /* DMSans-Regular.ttf in Resources */ = {isa = PBXBuildFile; fileRef = 1BF5407CF03E9956BF052ACB /* DMSans-Regular.ttf */; };
		A66F55692BE1B418E0472FCA /* RewardsCoordinator.swift in Sources */ = {isa = PBXBuildFile; fileRef = DC1135EA65662DF6B61F942F /* RewardsCoordinator.swift */; };
		A6C24D6FA626811B6D50125B /* CoffeeSortSelectionViewModel.swift in Sources */ = {isa = PBXBuildFile; fileRef = DDB26B3696AA0DEF821A7EBF /* CoffeeSortSelectionViewModel.swift */; };
		A7D38687CAA6BB22DA2AE0D7 /* RewardsViewModel.swift in Sources */ = {isa = PBXBuildFile; fileRef = 6B1261B568A3536AF3B0F697 /* RewardsViewModel.swift */; };
		A83F33516E36712EE9F5A3B1 /* EncyclopediaViewController.swift in Sources */ = {isa = PBXBuildFile; fileRef = DA2B655EE439AD399A822CFA /* EncyclopediaViewController.swift */; };
		A8FBFFD43098E851AE4AB1CA /* Coordinator.swift in Sources */ = {isa = PBXBuildFile; fileRef = 71D7F76C836D8C2CFB03EFF9 /* Coordinator.swift */; };
		A92031C893D7BE5D0F7430F3 /* PrePaymentListViewController.swift in Sources */ = {isa = PBXBuildFile; fileRef = B0A38F09AFC7A1C838D25898 /* PrePaymentListViewController.swift */; };
		AA999A3BC1FEB4D02A22FC59 /* ReviewViewController.swift in Sources */ = {isa = PBXBuildFile; fileRef = E5D45F6D329F0AB6908BD285 /* ReviewViewController.swift */; };
		AD1501152771F1A62DE376B9 /* SignInViewModel.swift in Sources */ = {isa = PBXBuildFile; fileRef = EC8E7D53AD4C7EAF45C60A8F /* SignInViewModel.swift */; };
		AE46A669C0114CCAE49D3F6C /* MagicCoffee.xcdatamodeld in Sources */ = {isa = PBXBuildFile; fileRef = 77BD71DDA1E55353537B2556 /* MagicCoffee.xcdatamodeld */; };
		B61DA88AA0A7601BEBF75F8C /* TestCoreDataSupport.swift in Sources */ = {isa = PBXBuildFile; fileRef = F9080B162970F5CB527E9B9C /* TestCoreDataSupport.swift */; };
		BB5E8FC1A9E28FEE104E4DED /* HistoryOrdersViewController.swift in Sources */ = {isa = PBXBuildFile; fileRef = 57AE46B8F1A993ADA7120EFF /* HistoryOrdersViewController.swift */; };
		BD821E643AF16CC06781C686 /* MyOrdersCoordinator.swift in Sources */ = {isa = PBXBuildFile; fileRef = 075F9E2AFA13D4BF3FC3D2AC /* MyOrdersCoordinator.swift */; };
		BECAD883DDEDB0BC13DD80BC /* UIViewController+Add.swift in Sources */ = {isa = PBXBuildFile; fileRef = A518779BFDA07D3FFE5833F9 /* UIViewController+Add.swift */; };
		BF265C2BA4965ACC2A369F8B /* CountrySelectionViewController.swift in Sources */ = {isa = PBXBuildFile; fileRef = C7DD0353D7358BBDBF1F5B44 /* CountrySelectionViewController.swift */; };
		C0E77A85876162D80B85F882 /* BaristaSelectionViewModel.swift in Sources */ = {isa = PBXBuildFile; fileRef = A7E5374032F5D2E7F0AADF35 /* BaristaSelectionViewModel.swift */; };
		C1D9BB08D7249FA43A59A430 /* BaseViewModel.swift in Sources */ = {isa = PBXBuildFile; fileRef = 4EF11BED1D9029305D56D8DA /* BaseViewModel.swift */; };
		C444808F8D2FE26555E2F556 /* ForgotPasswordViewController.swift in Sources */ = {isa = PBXBuildFile; fileRef = 53072E3C7772272188814765 /* ForgotPasswordViewController.swift */; };
		C561A76C49B0F18B26E506E4 /* AssemblageStateTests.swift in Sources */ = {isa = PBXBuildFile; fileRef = 08189E4208314BCDBCC8FB9C /* AssemblageStateTests.swift */; };
		CF8E19D5B4080E8CF17CD33B /* AuthError.swift in Sources */ = {isa = PBXBuildFile; fileRef = B00F146454FE07942CC9FC47 /* AuthError.swift */; };
		D1802AC32C202F60D4FE628A /* CountrySelectionViewModel.swift in Sources */ = {isa = PBXBuildFile; fileRef = F2D96173429DFA2A461ED27F /* CountrySelectionViewModel.swift */; };
		D2C65E29E5C306DA0CC3B1C9 /* StoreListViewModel.swift in Sources */ = {isa = PBXBuildFile; fileRef = 5FA3C751BA6B85A53B7E62C2 /* StoreListViewModel.swift */; };
		D2C89DCFF00957576A181C51 /* MyOrdersTests.swift in Sources */ = {isa = PBXBuildFile; fileRef = 1B31C3652CB56FDBE3D13C96 /* MyOrdersTests.swift */; };
		D2FBA872BD760055B8EDE6C6 /* SignUpViewController.swift in Sources */ = {isa = PBXBuildFile; fileRef = 1A4A98C4A31EBA30921341E1 /* SignUpViewController.swift */; };
		D5D47F9E391381B7CA94DAA0 /* StoreService.swift in Sources */ = {isa = PBXBuildFile; fileRef = 6DCA0A06B489F88FB9AF6790 /* StoreService.swift */; };
		D614167E5F6B3BD2EFFAC42B /* OrderService.swift in Sources */ = {isa = PBXBuildFile; fileRef = 9E6D8507D793485C8B2F1F86 /* OrderService.swift */; };
		DC26AA88C3BE4DBB684C60BC /* ScreenshotCaptureTests.swift in Sources */ = {isa = PBXBuildFile; fileRef = B0FA96B873807F3021CD807C /* ScreenshotCaptureTests.swift */; };
		DD07E7B2AD7795FC17F19E66 /* Poppins-Medium.ttf in Resources */ = {isa = PBXBuildFile; fileRef = E421BA4EEEBB82D169B1BC90 /* Poppins-Medium.ttf */; };
		DD0A6D1B7F6BFB76F8025223 /* RedeemViewController.swift in Sources */ = {isa = PBXBuildFile; fileRef = A68EBEF873634A615683F95B /* RedeemViewController.swift */; };
		E38484CFA2620D1269609550 /* CoreDataStackTests.swift in Sources */ = {isa = PBXBuildFile; fileRef = EF14ED7B01DB615335B182B1 /* CoreDataStackTests.swift */; };
		E7AD300960D7A399962B058B /* SignInViewController.swift in Sources */ = {isa = PBXBuildFile; fileRef = 91A7B59FCDFE07FB8602B2E3 /* SignInViewController.swift */; };
		E94EC1D498A5758A692B0817 /* SyrupSelectionViewController.swift in Sources */ = {isa = PBXBuildFile; fileRef = CA3D2196ED51D59AABFD381A /* SyrupSelectionViewController.swift */; };
		EAE721CE131A4AB3D9779F37 /* ProductDetailViewModel.swift in Sources */ = {isa = PBXBuildFile; fileRef = CA9A90315494555428FE42D3 /* ProductDetailViewModel.swift */; };
		EB54D1B56C896AC02E9EABC3 /* AssemblageSummaryViewModel.swift in Sources */ = {isa = PBXBuildFile; fileRef = 5B809559D859F45D5A7A83EE /* AssemblageSummaryViewModel.swift */; };
		ECA64FDA900BE8D5C848F76F /* MCButton.swift in Sources */ = {isa = PBXBuildFile; fileRef = D3AA0D52221771C7724F7FBC /* MCButton.swift */; };
		F09B5EA0EC389B56996F2B33 /* OngoingOrdersViewController.swift in Sources */ = {isa = PBXBuildFile; fileRef = 5B777E6D8A3F2C4CBEE15EA2 /* OngoingOrdersViewController.swift */; };
		F25674C9CC11D555E56B46DF /* ProfileViewModelTests.swift in Sources */ = {isa = PBXBuildFile; fileRef = 67E3CD7193184D9E0A80F445 /* ProfileViewModelTests.swift */; };
		F276C4DB0D611ADA111BEC8E /* AppCoordinator.swift in Sources */ = {isa = PBXBuildFile; fileRef = 937F8DAC07BD6B7F724E68D4 /* AppCoordinator.swift */; };
		F467B678AC0AB6E984635359 /* ProductService.swift in Sources */ = {isa = PBXBuildFile; fileRef = 73EE46C31A77E4E8C8356CFF /* ProductService.swift */; };
		F65E890156C5C01B3981B1F7 /* AuthFlowUITests.swift in Sources */ = {isa = PBXBuildFile; fileRef = 8F4463C7D8CECA4E0B07F09E /* AuthFlowUITests.swift */; };
		F77FE3341959684485333FBF /* Poppins-Regular.ttf in Resources */ = {isa = PBXBuildFile; fileRef = 1CA969297787C0AC57619409 /* Poppins-Regular.ttf */; };
		F854CA1FC4E963C468CD6B1A /* DataSeeder.swift in Sources */ = {isa = PBXBuildFile; fileRef = 1EC6FE601C936C1B78048F67 /* DataSeeder.swift */; };
		FAE03F36AD1E11E5EBB21F95 /* OngoingOrdersViewModel.swift in Sources */ = {isa = PBXBuildFile; fileRef = 73FEA1DCF63A400220E873CD /* OngoingOrdersViewModel.swift */; };
		FBE144BED3668F3F13078646 /* StoreServiceTests.swift in Sources */ = {isa = PBXBuildFile; fileRef = 594023B9BE40209515BD6AA8 /* StoreServiceTests.swift */; };
		FD6D8F9A5642A92CE9BADFD5 /* VerificationViewModelTests.swift in Sources */ = {isa = PBXBuildFile; fileRef = D04D2A3A11376ECF09C783DE /* VerificationViewModelTests.swift */; };
/* End PBXBuildFile section */

/* Begin PBXContainerItemProxy section */
		C20E078183929F41078B00D8 /* PBXContainerItemProxy */ = {
			isa = PBXContainerItemProxy;
			containerPortal = 8286E50AB8B3FFF8D35722E5 /* Project object */;
			proxyType = 1;
			remoteGlobalIDString = DE794DBBF0A7425611398C6B;
			remoteInfo = MagicCoffee;
		};
		FDB866553D82C970DCF2D2BC /* PBXContainerItemProxy */ = {
			isa = PBXContainerItemProxy;
			containerPortal = 8286E50AB8B3FFF8D35722E5 /* Project object */;
			proxyType = 1;
			remoteGlobalIDString = DE794DBBF0A7425611398C6B;
			remoteInfo = MagicCoffee;
		};
/* End PBXContainerItemProxy section */

/* Begin PBXFileReference section */
		00DCA3C46BB4A8E1025C4320 /* MainTabCoordinator.swift */ = {isa = PBXFileReference; lastKnownFileType = sourcecode.swift; path = MainTabCoordinator.swift; sourceTree = "<group>"; };
		01B32A6C97126E36DE0E68FE /* MapViewModel.swift */ = {isa = PBXFileReference; lastKnownFileType = sourcecode.swift; path = MapViewModel.swift; sourceTree = "<group>"; };
		02DD814BCBA176B420609928 /* AppDelegate.swift */ = {isa = PBXFileReference; lastKnownFileType = sourcecode.swift; path = AppDelegate.swift; sourceTree = "<group>"; };
		0475528E918950D01D22D200 /* MilkSelectionViewController.swift */ = {isa = PBXFileReference; lastKnownFileType = sourcecode.swift; path = MilkSelectionViewController.swift; sourceTree = "<group>"; };
		05E2F62272C1AC1FD1AEF823 /* SceneDelegate.swift */ = {isa = PBXFileReference; lastKnownFileType = sourcecode.swift; path = SceneDelegate.swift; sourceTree = "<group>"; };
		075F9E2AFA13D4BF3FC3D2AC /* MyOrdersCoordinator.swift */ = {isa = PBXFileReference; lastKnownFileType = sourcecode.swift; path = MyOrdersCoordinator.swift; sourceTree = "<group>"; };
		08189E4208314BCDBCC8FB9C /* AssemblageStateTests.swift */ = {isa = PBXFileReference; lastKnownFileType = sourcecode.swift; path = AssemblageStateTests.swift; sourceTree = "<group>"; };
		08540C7EFE849A34E68CA8C2 /* SignUpViewModel.swift */ = {isa = PBXFileReference; lastKnownFileType = sourcecode.swift; path = SignUpViewModel.swift; sourceTree = "<group>"; };
		120BDD90858868435DC518F7 /* AssemblageCoordinator.swift */ = {isa = PBXFileReference; lastKnownFileType = sourcecode.swift; path = AssemblageCoordinator.swift; sourceTree = "<group>"; };
		13E15B428114C6B4B85BFD2B /* HistoryOrdersViewModel.swift */ = {isa = PBXFileReference; lastKnownFileType = sourcecode.swift; path = HistoryOrdersViewModel.swift; sourceTree = "<group>"; };
		1508A097A67A4DFC3791A045 /* UIFont+DesignSystem.swift */ = {isa = PBXFileReference; lastKnownFileType = sourcecode.swift; path = "UIFont+DesignSystem.swift"; sourceTree = "<group>"; };
		17DA06A369DF1B3F1904B834 /* LoyaltyServiceTests.swift */ = {isa = PBXFileReference; lastKnownFileType = sourcecode.swift; path = LoyaltyServiceTests.swift; sourceTree = "<group>"; };
		1A4A98C4A31EBA30921341E1 /* SignUpViewController.swift */ = {isa = PBXFileReference; lastKnownFileType = sourcecode.swift; path = SignUpViewController.swift; sourceTree = "<group>"; };
		1B31C3652CB56FDBE3D13C96 /* MyOrdersTests.swift */ = {isa = PBXFileReference; lastKnownFileType = sourcecode.swift; path = MyOrdersTests.swift; sourceTree = "<group>"; };
		1BF5407CF03E9956BF052ACB /* DMSans-Regular.ttf */ = {isa = PBXFileReference; lastKnownFileType = file; path = "DMSans-Regular.ttf"; sourceTree = "<group>"; };
		1CA969297787C0AC57619409 /* Poppins-Regular.ttf */ = {isa = PBXFileReference; lastKnownFileType = file; path = "Poppins-Regular.ttf"; sourceTree = "<group>"; };
		1D1D7BAF7D89EF3AC7ADA4C4 /* MagicCoffeeTests.xctest */ = {isa = PBXFileReference; includeInIndex = 0; lastKnownFileType = wrapper.cfbundle; path = MagicCoffeeTests.xctest; sourceTree = BUILT_PRODUCTS_DIR; };
		1EC6FE601C936C1B78048F67 /* DataSeeder.swift */ = {isa = PBXFileReference; lastKnownFileType = sourcecode.swift; path = DataSeeder.swift; sourceTree = "<group>"; };
		296BBFF62FF1434DA6C35C9D /* VerificationViewController.swift */ = {isa = PBXFileReference; lastKnownFileType = sourcecode.swift; path = VerificationViewController.swift; sourceTree = "<group>"; };
		2EC7B11B8BF76F77B5E8A5D1 /* CoreDataStack.swift */ = {isa = PBXFileReference; lastKnownFileType = sourcecode.swift; path = CoreDataStack.swift; sourceTree = "<group>"; };
		31F0862025A97EAFC4E2BF73 /* DMSans-Medium.ttf */ = {isa = PBXFileReference; lastKnownFileType = file; path = "DMSans-Medium.ttf"; sourceTree = "<group>"; };
		381A938518D20A28B2BFA678 /* PaymentViewModel.swift */ = {isa = PBXFileReference; lastKnownFileType = sourcecode.swift; path = PaymentViewModel.swift; sourceTree = "<group>"; };
		38DE5F7D6A191092586234B4 /* RewardsViewController.swift */ = {isa = PBXFileReference; lastKnownFileType = sourcecode.swift; path = RewardsViewController.swift; sourceTree = "<group>"; };
		3EBFEADD1D80EB10AA753A10 /* AssemblageSummaryViewController.swift */ = {isa = PBXFileReference; lastKnownFileType = sourcecode.swift; path = AssemblageSummaryViewController.swift; sourceTree = "<group>"; };
		3FC60605CB42E80272EE3A2C /* MagicCoffee.app */ = {isa = PBXFileReference; includeInIndex = 0; lastKnownFileType = wrapper.application; path = MagicCoffee.app; sourceTree = BUILT_PRODUCTS_DIR; };
		420D376577AC4DAA52DBC480 /* ForgotPasswordViewModel.swift */ = {isa = PBXFileReference; lastKnownFileType = sourcecode.swift; path = ForgotPasswordViewModel.swift; sourceTree = "<group>"; };
		432BA0B8044C9DFBDF0A775F /* SplashViewModel.swift */ = {isa = PBXFileReference; lastKnownFileType = sourcecode.swift; path = SplashViewModel.swift; sourceTree = "<group>"; };
		437742AA234004CD9D62878C /* MagicCoffeeUITests.swift */ = {isa = PBXFileReference; lastKnownFileType = sourcecode.swift; path = MagicCoffeeUITests.swift; sourceTree = "<group>"; };
		499FF09CADF997445D91DA73 /* SyrupSelectionViewModel.swift */ = {isa = PBXFileReference; lastKnownFileType = sourcecode.swift; path = SyrupSelectionViewModel.swift; sourceTree = "<group>"; };
		4EF11BED1D9029305D56D8DA /* BaseViewModel.swift */ = {isa = PBXFileReference; lastKnownFileType = sourcecode.swift; path = BaseViewModel.swift; sourceTree = "<group>"; };
		4F829422D592CFBDBB0C6D22 /* ProfileViewModel.swift */ = {isa = PBXFileReference; lastKnownFileType = sourcecode.swift; path = ProfileViewModel.swift; sourceTree = "<group>"; };
		5060916941E610F4EC8A2D50 /* CatalogViewController.swift */ = {isa = PBXFileReference; lastKnownFileType = sourcecode.swift; path = CatalogViewController.swift; sourceTree = "<group>"; };
		53072E3C7772272188814765 /* ForgotPasswordViewController.swift */ = {isa = PBXFileReference; lastKnownFileType = sourcecode.swift; path = ForgotPasswordViewController.swift; sourceTree = "<group>"; };
		537B7163AC273FD98299FA6D /* CatalogViewModel.swift */ = {isa = PBXFileReference; lastKnownFileType = sourcecode.swift; path = CatalogViewModel.swift; sourceTree = "<group>"; };
		57AE46B8F1A993ADA7120EFF /* HistoryOrdersViewController.swift */ = {isa = PBXFileReference; lastKnownFileType = sourcecode.swift; path = HistoryOrdersViewController.swift; sourceTree = "<group>"; };
		594023B9BE40209515BD6AA8 /* StoreServiceTests.swift */ = {isa = PBXFileReference; lastKnownFileType = sourcecode.swift; path = StoreServiceTests.swift; sourceTree = "<group>"; };
		59EE2CFAFF3C2E130AA3C0A8 /* StoreListViewController.swift */ = {isa = PBXFileReference; lastKnownFileType = sourcecode.swift; path = StoreListViewController.swift; sourceTree = "<group>"; };
		5B777E6D8A3F2C4CBEE15EA2 /* OngoingOrdersViewController.swift */ = {isa = PBXFileReference; lastKnownFileType = sourcecode.swift; path = OngoingOrdersViewController.swift; sourceTree = "<group>"; };
		5B809559D859F45D5A7A83EE /* AssemblageSummaryViewModel.swift */ = {isa = PBXFileReference; lastKnownFileType = sourcecode.swift; path = AssemblageSummaryViewModel.swift; sourceTree = "<group>"; };
		5C8A39A9E728071C029AD0DE /* CatalogCoordinator.swift */ = {isa = PBXFileReference; lastKnownFileType = sourcecode.swift; path = CatalogCoordinator.swift; sourceTree = "<group>"; };
		5EF134C94E1832EFC03BD2C7 /* MapViewController.swift */ = {isa = PBXFileReference; lastKnownFileType = sourcecode.swift; path = MapViewController.swift; sourceTree = "<group>"; };
		5FA3C751BA6B85A53B7E62C2 /* StoreListViewModel.swift */ = {isa = PBXFileReference; lastKnownFileType = sourcecode.swift; path = StoreListViewModel.swift; sourceTree = "<group>"; };
		6062F7D22F0D59B324625A86 /* MilkSelectionViewModel.swift */ = {isa = PBXFileReference; lastKnownFileType = sourcecode.swift; path = MilkSelectionViewModel.swift; sourceTree = "<group>"; };
		62917E5835CACC8EF2616F7B /* AdditivesSelectionViewController.swift */ = {isa = PBXFileReference; lastKnownFileType = sourcecode.swift; path = AdditivesSelectionViewController.swift; sourceTree = "<group>"; };
		64BA11429BC01BEF3D461BFB /* MCTextField.swift */ = {isa = PBXFileReference; lastKnownFileType = sourcecode.swift; path = MCTextField.swift; sourceTree = "<group>"; };
		656193C483A72AFE439AF135 /* ProfileCoordinator.swift */ = {isa = PBXFileReference; lastKnownFileType = sourcecode.swift; path = ProfileCoordinator.swift; sourceTree = "<group>"; };
		67E3CD7193184D9E0A80F445 /* ProfileViewModelTests.swift */ = {isa = PBXFileReference; lastKnownFileType = sourcecode.swift; path = ProfileViewModelTests.swift; sourceTree = "<group>"; };
		6B1261B568A3536AF3B0F697 /* RewardsViewModel.swift */ = {isa = PBXFileReference; lastKnownFileType = sourcecode.swift; path = RewardsViewModel.swift; sourceTree = "<group>"; };
		6DCA0A06B489F88FB9AF6790 /* StoreService.swift */ = {isa = PBXFileReference; lastKnownFileType = sourcecode.swift; path = StoreService.swift; sourceTree = "<group>"; };
		71D7F76C836D8C2CFB03EFF9 /* Coordinator.swift */ = {isa = PBXFileReference; lastKnownFileType = sourcecode.swift; path = Coordinator.swift; sourceTree = "<group>"; };
		73EE46C31A77E4E8C8356CFF /* ProductService.swift */ = {isa = PBXFileReference; lastKnownFileType = sourcecode.swift; path = ProductService.swift; sourceTree = "<group>"; };
		73FEA1DCF63A400220E873CD /* OngoingOrdersViewModel.swift */ = {isa = PBXFileReference; lastKnownFileType = sourcecode.swift; path = OngoingOrdersViewModel.swift; sourceTree = "<group>"; };
		83739BC6B289034979A8EC65 /* OrderServiceTests.swift */ = {isa = PBXFileReference; lastKnownFileType = sourcecode.swift; path = OrderServiceTests.swift; sourceTree = "<group>"; };
		8CB60D626AE7DFADCF17855D /* ConfirmationViewController.swift */ = {isa = PBXFileReference; lastKnownFileType = sourcecode.swift; path = ConfirmationViewController.swift; sourceTree = "<group>"; };
		8F4463C7D8CECA4E0B07F09E /* AuthFlowUITests.swift */ = {isa = PBXFileReference; lastKnownFileType = sourcecode.swift; path = AuthFlowUITests.swift; sourceTree = "<group>"; };
		91A7B59FCDFE07FB8602B2E3 /* SignInViewController.swift */ = {isa = PBXFileReference; lastKnownFileType = sourcecode.swift; path = SignInViewController.swift; sourceTree = "<group>"; };
		9218BF8A43183076205365AC /* MyOrdersViewController.swift */ = {isa = PBXFileReference; lastKnownFileType = sourcecode.swift; path = MyOrdersViewController.swift; sourceTree = "<group>"; };
		937F8DAC07BD6B7F724E68D4 /* AppCoordinator.swift */ = {isa = PBXFileReference; lastKnownFileType = sourcecode.swift; path = AppCoordinator.swift; sourceTree = "<group>"; };
		93B501B15337089F16AB9B8A /* AuthUI.swift */ = {isa = PBXFileReference; lastKnownFileType = sourcecode.swift; path = AuthUI.swift; sourceTree = "<group>"; };
		975F21989C0BC1F22D6A26D7 /* Poppins-Bold.ttf */ = {isa = PBXFileReference; lastKnownFileType = file; path = "Poppins-Bold.ttf"; sourceTree = "<group>"; };
		9AB9BE38FC81AF7C8CCD1C1C /* VerificationViewModel.swift */ = {isa = PBXFileReference; lastKnownFileType = sourcecode.swift; path = VerificationViewModel.swift; sourceTree = "<group>"; };
		9ABBB2E98720887E97FEF45E /* ProductServiceTests.swift */ = {isa = PBXFileReference; lastKnownFileType = sourcecode.swift; path = ProductServiceTests.swift; sourceTree = "<group>"; };
		9E6D8507D793485C8B2F1F86 /* OrderService.swift */ = {isa = PBXFileReference; lastKnownFileType = sourcecode.swift; path = OrderService.swift; sourceTree = "<group>"; };
		9FA69B3BC3DDA7AA7D0637CF /* CheckoutCoordinator.swift */ = {isa = PBXFileReference; lastKnownFileType = sourcecode.swift; path = CheckoutCoordinator.swift; sourceTree = "<group>"; };
		A316FEFB053B619E407C41CA /* StoreSelectionCoordinator.swift */ = {isa = PBXFileReference; lastKnownFileType = sourcecode.swift; path = StoreSelectionCoordinator.swift; sourceTree = "<group>"; };
		A518779BFDA07D3FFE5833F9 /* UIViewController+Add.swift */ = {isa = PBXFileReference; lastKnownFileType = sourcecode.swift; path = "UIViewController+Add.swift"; sourceTree = "<group>"; };
		A68EBEF873634A615683F95B /* RedeemViewController.swift */ = {isa = PBXFileReference; lastKnownFileType = sourcecode.swift; path = RedeemViewController.swift; sourceTree = "<group>"; };
		A7E5374032F5D2E7F0AADF35 /* BaristaSelectionViewModel.swift */ = {isa = PBXFileReference; lastKnownFileType = sourcecode.swift; path = BaristaSelectionViewModel.swift; sourceTree = "<group>"; };
		A921F3C2FD75B541EB6E0ECB /* ImageFileManager.swift */ = {isa = PBXFileReference; lastKnownFileType = sourcecode.swift; path = ImageFileManager.swift; sourceTree = "<group>"; };
		ADDCC539C9BA2DC619D1319D /* RedeemViewModel.swift */ = {isa = PBXFileReference; lastKnownFileType = sourcecode.swift; path = RedeemViewModel.swift; sourceTree = "<group>"; };
		AF5D8F3E549FD6526F88EC76 /* ReviewViewModelTests.swift */ = {isa = PBXFileReference; lastKnownFileType = sourcecode.swift; path = ReviewViewModelTests.swift; sourceTree = "<group>"; };
		B00F146454FE07942CC9FC47 /* AuthError.swift */ = {isa = PBXFileReference; lastKnownFileType = sourcecode.swift; path = AuthError.swift; sourceTree = "<group>"; };
		B0A38F09AFC7A1C838D25898 /* PrePaymentListViewController.swift */ = {isa = PBXFileReference; lastKnownFileType = sourcecode.swift; path = PrePaymentListViewController.swift; sourceTree = "<group>"; };
		B0FA96B873807F3021CD807C /* ScreenshotCaptureTests.swift */ = {isa = PBXFileReference; lastKnownFileType = sourcecode.swift; path = ScreenshotCaptureTests.swift; sourceTree = "<group>"; };
		B39B7FFBD0ED24BC08CDBDEA /* UIColor+DesignSystem.swift */ = {isa = PBXFileReference; lastKnownFileType = sourcecode.swift; path = "UIColor+DesignSystem.swift"; sourceTree = "<group>"; };
		B99EE269BF1B964CE36E674E /* BaristaService.swift */ = {isa = PBXFileReference; lastKnownFileType = sourcecode.swift; path = BaristaService.swift; sourceTree = "<group>"; };
		BF84FF99AF7CA550D29C585C /* ReviewViewModel.swift */ = {isa = PBXFileReference; lastKnownFileType = sourcecode.swift; path = ReviewViewModel.swift; sourceTree = "<group>"; };
		C0ED367B49E56DFBC393BEEA /* MagicCoffee.xcdatamodel */ = {isa = PBXFileReference; lastKnownFileType = wrapper.xcdatamodel; path = MagicCoffee.xcdatamodel; sourceTree = "<group>"; };
		C7DD0353D7358BBDBF1F5B44 /* CountrySelectionViewController.swift */ = {isa = PBXFileReference; lastKnownFileType = sourcecode.swift; path = CountrySelectionViewController.swift; sourceTree = "<group>"; };
		C873A0DDD9CF9213B92643A3 /* Info.plist */ = {isa = PBXFileReference; lastKnownFileType = text.plist; path = Info.plist; sourceTree = "<group>"; };
		CA3D2196ED51D59AABFD381A /* SyrupSelectionViewController.swift */ = {isa = PBXFileReference; lastKnownFileType = sourcecode.swift; path = SyrupSelectionViewController.swift; sourceTree = "<group>"; };
		CA9A90315494555428FE42D3 /* ProductDetailViewModel.swift */ = {isa = PBXFileReference; lastKnownFileType = sourcecode.swift; path = ProductDetailViewModel.swift; sourceTree = "<group>"; };
		D04D2A3A11376ECF09C783DE /* VerificationViewModelTests.swift */ = {isa = PBXFileReference; lastKnownFileType = sourcecode.swift; path = VerificationViewModelTests.swift; sourceTree = "<group>"; };
		D3AA0D52221771C7724F7FBC /* MCButton.swift */ = {isa = PBXFileReference; lastKnownFileType = sourcecode.swift; path = MCButton.swift; sourceTree = "<group>"; };
		DA2B655EE439AD399A822CFA /* EncyclopediaViewController.swift */ = {isa = PBXFileReference; lastKnownFileType = sourcecode.swift; path = EncyclopediaViewController.swift; sourceTree = "<group>"; };
		DBC8BA25AFBB040EC98F0359 /* Assets.xcassets */ = {isa = PBXFileReference; lastKnownFileType = folder.assetcatalog; path = Assets.xcassets; sourceTree = "<group>"; };
		DC1135EA65662DF6B61F942F /* RewardsCoordinator.swift */ = {isa = PBXFileReference; lastKnownFileType = sourcecode.swift; path = RewardsCoordinator.swift; sourceTree = "<group>"; };
		DC17B4689DF9A3C2724E8CFD /* AuthService.swift */ = {isa = PBXFileReference; lastKnownFileType = sourcecode.swift; path = AuthService.swift; sourceTree = "<group>"; };
		DC3F64407DF94E93D8314CDB /* AuthCoordinator.swift */ = {isa = PBXFileReference; lastKnownFileType = sourcecode.swift; path = AuthCoordinator.swift; sourceTree = "<group>"; };
		DDB26B3696AA0DEF821A7EBF /* CoffeeSortSelectionViewModel.swift */ = {isa = PBXFileReference; lastKnownFileType = sourcecode.swift; path = CoffeeSortSelectionViewModel.swift; sourceTree = "<group>"; };
		DEEE0E3D4805F640375D5062 /* BaristaSelectionViewController.swift */ = {isa = PBXFileReference; lastKnownFileType = sourcecode.swift; path = BaristaSelectionViewController.swift; sourceTree = "<group>"; };
		DF36F0DC259F6DCCCB4D3C20 /* LoyaltyService.swift */ = {isa = PBXFileReference; lastKnownFileType = sourcecode.swift; path = LoyaltyService.swift; sourceTree = "<group>"; };
		E421BA4EEEBB82D169B1BC90 /* Poppins-Medium.ttf */ = {isa = PBXFileReference; lastKnownFileType = file; path = "Poppins-Medium.ttf"; sourceTree = "<group>"; };
		E46EFC5093EF8B1575F66DBD /* PaymentViewController.swift */ = {isa = PBXFileReference; lastKnownFileType = sourcecode.swift; path = PaymentViewController.swift; sourceTree = "<group>"; };
		E5D45F6D329F0AB6908BD285 /* ReviewViewController.swift */ = {isa = PBXFileReference; lastKnownFileType = sourcecode.swift; path = ReviewViewController.swift; sourceTree = "<group>"; };
		E5FE3AFE066886D1F7A7B590 /* MagicCoffeeUITests.xctest */ = {isa = PBXFileReference; includeInIndex = 0; lastKnownFileType = wrapper.cfbundle; path = MagicCoffeeUITests.xctest; sourceTree = BUILT_PRODUCTS_DIR; };
		E7C6DA62F67D46292E05E525 /* DataSeederTests.swift */ = {isa = PBXFileReference; lastKnownFileType = sourcecode.swift; path = DataSeederTests.swift; sourceTree = "<group>"; };
		EAC83ACFF0A5DF33C61C9592 /* ProductDetailViewController.swift */ = {isa = PBXFileReference; lastKnownFileType = sourcecode.swift; path = ProductDetailViewController.swift; sourceTree = "<group>"; };
		EC8E7D53AD4C7EAF45C60A8F /* SignInViewModel.swift */ = {isa = PBXFileReference; lastKnownFileType = sourcecode.swift; path = SignInViewModel.swift; sourceTree = "<group>"; };
		ED23B2A8839479CD8DF6A772 /* SplashViewController.swift */ = {isa = PBXFileReference; lastKnownFileType = sourcecode.swift; path = SplashViewController.swift; sourceTree = "<group>"; };
		EE07DEE5679A01C4AAC97953 /* BaristaServiceTests.swift */ = {isa = PBXFileReference; lastKnownFileType = sourcecode.swift; path = BaristaServiceTests.swift; sourceTree = "<group>"; };
		EF14ED7B01DB615335B182B1 /* CoreDataStackTests.swift */ = {isa = PBXFileReference; lastKnownFileType = sourcecode.swift; path = CoreDataStackTests.swift; sourceTree = "<group>"; };
		EFA05243554CAAB8477E702D /* ConfirmationViewModel.swift */ = {isa = PBXFileReference; lastKnownFileType = sourcecode.swift; path = ConfirmationViewModel.swift; sourceTree = "<group>"; };
		F2D96173429DFA2A461ED27F /* CountrySelectionViewModel.swift */ = {isa = PBXFileReference; lastKnownFileType = sourcecode.swift; path = CountrySelectionViewModel.swift; sourceTree = "<group>"; };
		F67EED73F2259ED2ED706042 /* PrePaymentListViewModel.swift */ = {isa = PBXFileReference; lastKnownFileType = sourcecode.swift; path = PrePaymentListViewModel.swift; sourceTree = "<group>"; };
		F6F540771089F4902260C9F0 /* EncyclopediaViewModel.swift */ = {isa = PBXFileReference; lastKnownFileType = sourcecode.swift; path = EncyclopediaViewModel.swift; sourceTree = "<group>"; };
		F83C751956528EA1AE7BDB83 /* AuthServiceTests.swift */ = {isa = PBXFileReference; lastKnownFileType = sourcecode.swift; path = AuthServiceTests.swift; sourceTree = "<group>"; };
		F9080B162970F5CB527E9B9C /* TestCoreDataSupport.swift */ = {isa = PBXFileReference; lastKnownFileType = sourcecode.swift; path = TestCoreDataSupport.swift; sourceTree = "<group>"; };
		FB90CD1DC31BCAA388032765 /* AssemblageState.swift */ = {isa = PBXFileReference; lastKnownFileType = sourcecode.swift; path = AssemblageState.swift; sourceTree = "<group>"; };
		FE2EB1954B2656E028D6426D /* CoffeeSortSelectionViewController.swift */ = {isa = PBXFileReference; lastKnownFileType = sourcecode.swift; path = CoffeeSortSelectionViewController.swift; sourceTree = "<group>"; };
		FF68A7BD1659AC966B5C8473 /* ProfileViewController.swift */ = {isa = PBXFileReference; lastKnownFileType = sourcecode.swift; path = ProfileViewController.swift; sourceTree = "<group>"; };
		FFE2E5E22A4C393C3B6A5C7C /* AdditivesSelectionViewModel.swift */ = {isa = PBXFileReference; lastKnownFileType = sourcecode.swift; path = AdditivesSelectionViewModel.swift; sourceTree = "<group>"; };
/* End PBXFileReference section */

/* Begin PBXGroup section */
		0670A6F8EE217DA26A4CE346 /* Catalog */ = {
			isa = PBXGroup;
			children = (
				5C8A39A9E728071C029AD0DE /* CatalogCoordinator.swift */,
				8C348AF36F4C5DBE124DC7F1 /* Home */,
				814B459D7ED1B5E4A8DB3AB0 /* ProductDetail */,
			);
			path = Catalog;
			sourceTree = "<group>";
		};
		0B364B0EEB1903C4E429FC51 /* Services */ = {
			isa = PBXGroup;
			children = (
				B00F146454FE07942CC9FC47 /* AuthError.swift */,
				DC17B4689DF9A3C2724E8CFD /* AuthService.swift */,
				B99EE269BF1B964CE36E674E /* BaristaService.swift */,
				DF36F0DC259F6DCCCB4D3C20 /* LoyaltyService.swift */,
				9E6D8507D793485C8B2F1F86 /* OrderService.swift */,
				73EE46C31A77E4E8C8356CFF /* ProductService.swift */,
				6DCA0A06B489F88FB9AF6790 /* StoreService.swift */,
			);
			path = Services;
			sourceTree = "<group>";
		};
		0C6BEA48347D1E9D04DEB61F /* Core */ = {
			isa = PBXGroup;
			children = (
				90EA860476F2DB80B4BEFACA /* Base */,
				EABE4EAFAA23F6937E7A78C1 /* Coordinator */,
				B56E104F85B24F430C87A7F2 /* CoreData */,
				24C49EEA58B81C2CC2E7E851 /* Extensions */,
				BCD086C574623A07B7CA9EA9 /* Seeding */,
				460205FC5932F3E776D129B4 /* Storage */,
				D58B8A66AE1E00F662405F2E /* UI */,
			);
			path = Core;
			sourceTree = "<group>";
		};
		11B4844519C1D056F5D12491 /* Review */ = {
			isa = PBXGroup;
			children = (
				E5D45F6D329F0AB6908BD285 /* ReviewViewController.swift */,
				BF84FF99AF7CA550D29C585C /* ReviewViewModel.swift */,
			);
			path = Review;
			sourceTree = "<group>";
		};
		179B4803B952A293416DA2D8 /* CoffeeSortSelection */ = {
			isa = PBXGroup;
			children = (
				FE2EB1954B2656E028D6426D /* CoffeeSortSelectionViewController.swift */,
				DDB26B3696AA0DEF821A7EBF /* CoffeeSortSelectionViewModel.swift */,
			);
			path = CoffeeSortSelection;
			sourceTree = "<group>";
		};
		1B84AD7EF255AC2509741196 /* StoreSelection */ = {
			isa = PBXGroup;
			children = (
				A316FEFB053B619E407C41CA /* StoreSelectionCoordinator.swift */,
				8A78ADA4EFEC580D440AB246 /* Map */,
				C9EE918F400FBDBB3E682B3A /* StoreList */,
			);
			path = StoreSelection;
			sourceTree = "<group>";
		};
		249A1AB3776EA202BEE2F4EE /* ForgotPassword */ = {
			isa = PBXGroup;
			children = (
				53072E3C7772272188814765 /* ForgotPasswordViewController.swift */,
				420D376577AC4DAA52DBC480 /* ForgotPasswordViewModel.swift */,
			);
			path = ForgotPassword;
			sourceTree = "<group>";
		};
		24C49EEA58B81C2CC2E7E851 /* Extensions */ = {
			isa = PBXGroup;
			children = (
				B39B7FFBD0ED24BC08CDBDEA /* UIColor+DesignSystem.swift */,
				1508A097A67A4DFC3791A045 /* UIFont+DesignSystem.swift */,
				A518779BFDA07D3FFE5833F9 /* UIViewController+Add.swift */,
			);
			path = Extensions;
			sourceTree = "<group>";
		};
		256501CAEF3478B20F68D144 /* Payment */ = {
			isa = PBXGroup;
			children = (
				E46EFC5093EF8B1575F66DBD /* PaymentViewController.swift */,
				381A938518D20A28B2BFA678 /* PaymentViewModel.swift */,
			);
			path = Payment;
			sourceTree = "<group>";
		};
		354280B6D02C48C27377CB56 /* Confirmation */ = {
			isa = PBXGroup;
			children = (
				8CB60D626AE7DFADCF17855D /* ConfirmationViewController.swift */,
				EFA05243554CAAB8477E702D /* ConfirmationViewModel.swift */,
			);
			path = Confirmation;
			sourceTree = "<group>";
		};
		411479585136A515FB204617 /* SyrupSelection */ = {
			isa = PBXGroup;
			children = (
				CA3D2196ED51D59AABFD381A /* SyrupSelectionViewController.swift */,
				499FF09CADF997445D91DA73 /* SyrupSelectionViewModel.swift */,
			);
			path = SyrupSelection;
			sourceTree = "<group>";
		};
		425B8102628F9DB351638458 /* Features */ = {
			isa = PBXGroup;
			children = (
				58D8BD99F14DA3B743D3B33E /* Assemblage */,
				B139C4851AF2B59048D3D449 /* Auth */,
				0670A6F8EE217DA26A4CE346 /* Catalog */,
				55512E986488BA518CF54F4A /* Checkout */,
				A978FEF54E00F893B3C656FD /* Main */,
				4C60CD56BBFB2CB18C3CFF98 /* MyOrders */,
				9E052502C25EB763A01DA55A /* Profile */,
				11B4844519C1D056F5D12491 /* Review */,
				4E14BDCBB6C2CAD23F38770C /* Rewards */,
				1B84AD7EF255AC2509741196 /* StoreSelection */,
			);
			path = Features;
			sourceTree = "<group>";
		};
		460205FC5932F3E776D129B4 /* Storage */ = {
			isa = PBXGroup;
			children = (
				A921F3C2FD75B541EB6E0ECB /* ImageFileManager.swift */,
			);
			path = Storage;
			sourceTree = "<group>";
		};
		4758D1D5010F05888E51B9C9 /* Splash */ = {
			isa = PBXGroup;
			children = (
				ED23B2A8839479CD8DF6A772 /* SplashViewController.swift */,
				432BA0B8044C9DFBDF0A775F /* SplashViewModel.swift */,
			);
			path = Splash;
			sourceTree = "<group>";
		};
		4C60CD56BBFB2CB18C3CFF98 /* MyOrders */ = {
			isa = PBXGroup;
			children = (
				57AE46B8F1A993ADA7120EFF /* HistoryOrdersViewController.swift */,
				13E15B428114C6B4B85BFD2B /* HistoryOrdersViewModel.swift */,
				075F9E2AFA13D4BF3FC3D2AC /* MyOrdersCoordinator.swift */,
				9218BF8A43183076205365AC /* MyOrdersViewController.swift */,
				5B777E6D8A3F2C4CBEE15EA2 /* OngoingOrdersViewController.swift */,
				73FEA1DCF63A400220E873CD /* OngoingOrdersViewModel.swift */,
			);
			path = MyOrders;
			sourceTree = "<group>";
		};
		4E14BDCBB6C2CAD23F38770C /* Rewards */ = {
			isa = PBXGroup;
			children = (
				DC1135EA65662DF6B61F942F /* RewardsCoordinator.swift */,
				873CF18C77A88964A09656CD /* Redeem */,
				BBD6E84012ED97837CD750EB /* Rewards */,
			);
			path = Rewards;
			sourceTree = "<group>";
		};
		55512E986488BA518CF54F4A /* Checkout */ = {
			isa = PBXGroup;
			children = (
				9FA69B3BC3DDA7AA7D0637CF /* CheckoutCoordinator.swift */,
				354280B6D02C48C27377CB56 /* Confirmation */,
				256501CAEF3478B20F68D144 /* Payment */,
			);
			path = Checkout;
			sourceTree = "<group>";
		};
		58D8BD99F14DA3B743D3B33E /* Assemblage */ = {
			isa = PBXGroup;
			children = (
				120BDD90858868435DC518F7 /* AssemblageCoordinator.swift */,
				FB90CD1DC31BCAA388032765 /* AssemblageState.swift */,
				A4EED0F1B4C81F796185EEEC /* AdditivesSelection */,
				64DD6D825D74A03847E185B0 /* AssemblageSummary */,
				E8001A8597D792B745FB448D /* BaristaSelection */,
				179B4803B952A293416DA2D8 /* CoffeeSortSelection */,
				99AF1F1ED2757347C7EC57B4 /* CountrySelection */,
				793897E8EF0ADB57DD3E1374 /* Encyclopedia */,
				76257C51B1912EDF72E77C19 /* MilkSelection */,
				9ACDB1B4F480C7A304C20FA2 /* PrePaymentList */,
				411479585136A515FB204617 /* SyrupSelection */,
			);
			path = Assemblage;
			sourceTree = "<group>";
		};
		5BC9D7B0D8BBDB9DE9A470D6 = {
			isa = PBXGroup;
			children = (
				8A7FF61DB045CC6AF95EFF32 /* MagicCoffee */,
				D1903D1DF484EAE2748676F0 /* MagicCoffeeTests */,
				C984163CB02123504D94C7A2 /* MagicCoffeeUITests */,
				75647D8309107875FBC48D39 /* Products */,
			);
			sourceTree = "<group>";
		};
		604A46494D958F60DA7E1F5B /* Resources */ = {
			isa = PBXGroup;
			children = (
				DBC8BA25AFBB040EC98F0359 /* Assets.xcassets */,
				C873A0DDD9CF9213B92643A3 /* Info.plist */,
				AB066905CEF7D28B74D3DE64 /* Fonts */,
			);
			path = Resources;
			sourceTree = "<group>";
		};
		6205DCA7D22A5DE1D942B28C /* Application */ = {
			isa = PBXGroup;
			children = (
				937F8DAC07BD6B7F724E68D4 /* AppCoordinator.swift */,
				02DD814BCBA176B420609928 /* AppDelegate.swift */,
				05E2F62272C1AC1FD1AEF823 /* SceneDelegate.swift */,
			);
			path = Application;
			sourceTree = "<group>";
		};
		64DD6D825D74A03847E185B0 /* AssemblageSummary */ = {
			isa = PBXGroup;
			children = (
				3EBFEADD1D80EB10AA753A10 /* AssemblageSummaryViewController.swift */,
				5B809559D859F45D5A7A83EE /* AssemblageSummaryViewModel.swift */,
			);
			path = AssemblageSummary;
			sourceTree = "<group>";
		};
		75647D8309107875FBC48D39 /* Products */ = {
			isa = PBXGroup;
			children = (
				3FC60605CB42E80272EE3A2C /* MagicCoffee.app */,
				1D1D7BAF7D89EF3AC7ADA4C4 /* MagicCoffeeTests.xctest */,
				E5FE3AFE066886D1F7A7B590 /* MagicCoffeeUITests.xctest */,
			);
			name = Products;
			sourceTree = "<group>";
		};
		76257C51B1912EDF72E77C19 /* MilkSelection */ = {
			isa = PBXGroup;
			children = (
				0475528E918950D01D22D200 /* MilkSelectionViewController.swift */,
				6062F7D22F0D59B324625A86 /* MilkSelectionViewModel.swift */,
			);
			path = MilkSelection;
			sourceTree = "<group>";
		};
		793897E8EF0ADB57DD3E1374 /* Encyclopedia */ = {
			isa = PBXGroup;
			children = (
				DA2B655EE439AD399A822CFA /* EncyclopediaViewController.swift */,
				F6F540771089F4902260C9F0 /* EncyclopediaViewModel.swift */,
			);
			path = Encyclopedia;
			sourceTree = "<group>";
		};
		814B459D7ED1B5E4A8DB3AB0 /* ProductDetail */ = {
			isa = PBXGroup;
			children = (
				EAC83ACFF0A5DF33C61C9592 /* ProductDetailViewController.swift */,
				CA9A90315494555428FE42D3 /* ProductDetailViewModel.swift */,
			);
			path = ProductDetail;
			sourceTree = "<group>";
		};
		873CF18C77A88964A09656CD /* Redeem */ = {
			isa = PBXGroup;
			children = (
				A68EBEF873634A615683F95B /* RedeemViewController.swift */,
				ADDCC539C9BA2DC619D1319D /* RedeemViewModel.swift */,
			);
			path = Redeem;
			sourceTree = "<group>";
		};
		8A78ADA4EFEC580D440AB246 /* Map */ = {
			isa = PBXGroup;
			children = (
				5EF134C94E1832EFC03BD2C7 /* MapViewController.swift */,
				01B32A6C97126E36DE0E68FE /* MapViewModel.swift */,
			);
			path = Map;
			sourceTree = "<group>";
		};
		8A7FF61DB045CC6AF95EFF32 /* MagicCoffee */ = {
			isa = PBXGroup;
			children = (
				6205DCA7D22A5DE1D942B28C /* Application */,
				0C6BEA48347D1E9D04DEB61F /* Core */,
				425B8102628F9DB351638458 /* Features */,
				604A46494D958F60DA7E1F5B /* Resources */,
				0B364B0EEB1903C4E429FC51 /* Services */,
			);
			path = MagicCoffee;
			sourceTree = "<group>";
		};
		8C348AF36F4C5DBE124DC7F1 /* Home */ = {
			isa = PBXGroup;
			children = (
				5060916941E610F4EC8A2D50 /* CatalogViewController.swift */,
				537B7163AC273FD98299FA6D /* CatalogViewModel.swift */,
			);
			path = Home;
			sourceTree = "<group>";
		};
		90EA860476F2DB80B4BEFACA /* Base */ = {
			isa = PBXGroup;
			children = (
				4EF11BED1D9029305D56D8DA /* BaseViewModel.swift */,
			);
			path = Base;
			sourceTree = "<group>";
		};
		99AF1F1ED2757347C7EC57B4 /* CountrySelection */ = {
			isa = PBXGroup;
			children = (
				C7DD0353D7358BBDBF1F5B44 /* CountrySelectionViewController.swift */,
				F2D96173429DFA2A461ED27F /* CountrySelectionViewModel.swift */,
			);
			path = CountrySelection;
			sourceTree = "<group>";
		};
		9ACDB1B4F480C7A304C20FA2 /* PrePaymentList */ = {
			isa = PBXGroup;
			children = (
				B0A38F09AFC7A1C838D25898 /* PrePaymentListViewController.swift */,
				F67EED73F2259ED2ED706042 /* PrePaymentListViewModel.swift */,
			);
			path = PrePaymentList;
			sourceTree = "<group>";
		};
		9E052502C25EB763A01DA55A /* Profile */ = {
			isa = PBXGroup;
			children = (
				656193C483A72AFE439AF135 /* ProfileCoordinator.swift */,
				FF68A7BD1659AC966B5C8473 /* ProfileViewController.swift */,
				4F829422D592CFBDBB0C6D22 /* ProfileViewModel.swift */,
			);
			path = Profile;
			sourceTree = "<group>";
		};
		A4EED0F1B4C81F796185EEEC /* AdditivesSelection */ = {
			isa = PBXGroup;
			children = (
				62917E5835CACC8EF2616F7B /* AdditivesSelectionViewController.swift */,
				FFE2E5E22A4C393C3B6A5C7C /* AdditivesSelectionViewModel.swift */,
			);
			path = AdditivesSelection;
			sourceTree = "<group>";
		};
		A978FEF54E00F893B3C656FD /* Main */ = {
			isa = PBXGroup;
			children = (
				00DCA3C46BB4A8E1025C4320 /* MainTabCoordinator.swift */,
			);
			path = Main;
			sourceTree = "<group>";
		};
		AB066905CEF7D28B74D3DE64 /* Fonts */ = {
			isa = PBXGroup;
			children = (
				31F0862025A97EAFC4E2BF73 /* DMSans-Medium.ttf */,
				1BF5407CF03E9956BF052ACB /* DMSans-Regular.ttf */,
				975F21989C0BC1F22D6A26D7 /* Poppins-Bold.ttf */,
				E421BA4EEEBB82D169B1BC90 /* Poppins-Medium.ttf */,
				1CA969297787C0AC57619409 /* Poppins-Regular.ttf */,
			);
			path = Fonts;
			sourceTree = "<group>";
		};
		B139C4851AF2B59048D3D449 /* Auth */ = {
			isa = PBXGroup;
			children = (
				DC3F64407DF94E93D8314CDB /* AuthCoordinator.swift */,
				249A1AB3776EA202BEE2F4EE /* ForgotPassword */,
				CAD7F26118BD224562BB80FD /* SignIn */,
				D029931515C2EA6D331712F5 /* SignUp */,
				4758D1D5010F05888E51B9C9 /* Splash */,
				CA08519666B3DEF101505F89 /* Verification */,
			);
			path = Auth;
			sourceTree = "<group>";
		};
		B56E104F85B24F430C87A7F2 /* CoreData */ = {
			isa = PBXGroup;
			children = (
				2EC7B11B8BF76F77B5E8A5D1 /* CoreDataStack.swift */,
				77BD71DDA1E55353537B2556 /* MagicCoffee.xcdatamodeld */,
			);
			path = CoreData;
			sourceTree = "<group>";
		};
		BBD6E84012ED97837CD750EB /* Rewards */ = {
			isa = PBXGroup;
			children = (
				38DE5F7D6A191092586234B4 /* RewardsViewController.swift */,
				6B1261B568A3536AF3B0F697 /* RewardsViewModel.swift */,
			);
			path = Rewards;
			sourceTree = "<group>";
		};
		BCD086C574623A07B7CA9EA9 /* Seeding */ = {
			isa = PBXGroup;
			children = (
				1EC6FE601C936C1B78048F67 /* DataSeeder.swift */,
			);
			path = Seeding;
			sourceTree = "<group>";
		};
		C984163CB02123504D94C7A2 /* MagicCoffeeUITests */ = {
			isa = PBXGroup;
			children = (
				8F4463C7D8CECA4E0B07F09E /* AuthFlowUITests.swift */,
				437742AA234004CD9D62878C /* MagicCoffeeUITests.swift */,
				B0FA96B873807F3021CD807C /* ScreenshotCaptureTests.swift */,
			);
			path = MagicCoffeeUITests;
			sourceTree = "<group>";
		};
		C9EE918F400FBDBB3E682B3A /* StoreList */ = {
			isa = PBXGroup;
			children = (
				59EE2CFAFF3C2E130AA3C0A8 /* StoreListViewController.swift */,
				5FA3C751BA6B85A53B7E62C2 /* StoreListViewModel.swift */,
			);
			path = StoreList;
			sourceTree = "<group>";
		};
		CA08519666B3DEF101505F89 /* Verification */ = {
			isa = PBXGroup;
			children = (
				296BBFF62FF1434DA6C35C9D /* VerificationViewController.swift */,
				9AB9BE38FC81AF7C8CCD1C1C /* VerificationViewModel.swift */,
			);
			path = Verification;
			sourceTree = "<group>";
		};
		CAD7F26118BD224562BB80FD /* SignIn */ = {
			isa = PBXGroup;
			children = (
				91A7B59FCDFE07FB8602B2E3 /* SignInViewController.swift */,
				EC8E7D53AD4C7EAF45C60A8F /* SignInViewModel.swift */,
			);
			path = SignIn;
			sourceTree = "<group>";
		};
		D029931515C2EA6D331712F5 /* SignUp */ = {
			isa = PBXGroup;
			children = (
				1A4A98C4A31EBA30921341E1 /* SignUpViewController.swift */,
				08540C7EFE849A34E68CA8C2 /* SignUpViewModel.swift */,
			);
			path = SignUp;
			sourceTree = "<group>";
		};
		D1903D1DF484EAE2748676F0 /* MagicCoffeeTests */ = {
			isa = PBXGroup;
			children = (
				08189E4208314BCDBCC8FB9C /* AssemblageStateTests.swift */,
				F83C751956528EA1AE7BDB83 /* AuthServiceTests.swift */,
				EE07DEE5679A01C4AAC97953 /* BaristaServiceTests.swift */,
				EF14ED7B01DB615335B182B1 /* CoreDataStackTests.swift */,
				E7C6DA62F67D46292E05E525 /* DataSeederTests.swift */,
				17DA06A369DF1B3F1904B834 /* LoyaltyServiceTests.swift */,
				1B31C3652CB56FDBE3D13C96 /* MyOrdersTests.swift */,
				83739BC6B289034979A8EC65 /* OrderServiceTests.swift */,
				9ABBB2E98720887E97FEF45E /* ProductServiceTests.swift */,
				67E3CD7193184D9E0A80F445 /* ProfileViewModelTests.swift */,
				AF5D8F3E549FD6526F88EC76 /* ReviewViewModelTests.swift */,
				594023B9BE40209515BD6AA8 /* StoreServiceTests.swift */,
				F9080B162970F5CB527E9B9C /* TestCoreDataSupport.swift */,
				D04D2A3A11376ECF09C783DE /* VerificationViewModelTests.swift */,
			);
			path = MagicCoffeeTests;
			sourceTree = "<group>";
		};
		D58B8A66AE1E00F662405F2E /* UI */ = {
			isa = PBXGroup;
			children = (
				93B501B15337089F16AB9B8A /* AuthUI.swift */,
				D3AA0D52221771C7724F7FBC /* MCButton.swift */,
				64BA11429BC01BEF3D461BFB /* MCTextField.swift */,
			);
			path = UI;
			sourceTree = "<group>";
		};
		E8001A8597D792B745FB448D /* BaristaSelection */ = {
			isa = PBXGroup;
			children = (
				DEEE0E3D4805F640375D5062 /* BaristaSelectionViewController.swift */,
				A7E5374032F5D2E7F0AADF35 /* BaristaSelectionViewModel.swift */,
			);
			path = BaristaSelection;
			sourceTree = "<group>";
		};
		EABE4EAFAA23F6937E7A78C1 /* Coordinator */ = {
			isa = PBXGroup;
			children = (
				71D7F76C836D8C2CFB03EFF9 /* Coordinator.swift */,
			);
			path = Coordinator;
			sourceTree = "<group>";
		};
/* End PBXGroup section */

/* Begin PBXNativeTarget section */
		19C4C1D3A32C451F87D232C7 /* MagicCoffeeTests */ = {
			isa = PBXNativeTarget;
			buildConfigurationList = 298F7341467EC5AC95D06E48 /* Build configuration list for PBXNativeTarget "MagicCoffeeTests" */;
			buildPhases = (
				B48694CE61CA9CB1EDC60572 /* Sources */,
			);
			buildRules = (
			);
			dependencies = (
				B6FAC500016E3A6F14F62187 /* PBXTargetDependency */,
			);
			name = MagicCoffeeTests;
			packageProductDependencies = (
			);
			productName = MagicCoffeeTests;
			productReference = 1D1D7BAF7D89EF3AC7ADA4C4 /* MagicCoffeeTests.xctest */;
			productType = "com.apple.product-type.bundle.unit-test";
		};
		86EA8856631C4CDB7CD4D837 /* MagicCoffeeUITests */ = {
			isa = PBXNativeTarget;
			buildConfigurationList = 1C704F89073A3480E8FE67F0 /* Build configuration list for PBXNativeTarget "MagicCoffeeUITests" */;
			buildPhases = (
				338ADD346D29D84165E057C5 /* Sources */,
			);
			buildRules = (
			);
			dependencies = (
				27AA12AC6218191ACF021324 /* PBXTargetDependency */,
			);
			name = MagicCoffeeUITests;
			packageProductDependencies = (
			);
			productName = MagicCoffeeUITests;
			productReference = E5FE3AFE066886D1F7A7B590 /* MagicCoffeeUITests.xctest */;
			productType = "com.apple.product-type.bundle.ui-testing";
		};
		DE794DBBF0A7425611398C6B /* MagicCoffee */ = {
			isa = PBXNativeTarget;
			buildConfigurationList = A6527FB762AAFDDB7407960C /* Build configuration list for PBXNativeTarget "MagicCoffee" */;
			buildPhases = (
				2A432C37940DFC997AFF78D2 /* Sources */,
				D97FDFC9629CC1FB54A8EBBD /* Resources */,
			);
			buildRules = (
			);
			dependencies = (
			);
			name = MagicCoffee;
			packageProductDependencies = (
			);
			productName = MagicCoffee;
			productReference = 3FC60605CB42E80272EE3A2C /* MagicCoffee.app */;
			productType = "com.apple.product-type.application";
		};
/* End PBXNativeTarget section */

/* Begin PBXProject section */
		8286E50AB8B3FFF8D35722E5 /* Project object */ = {
			isa = PBXProject;
			attributes = {
				BuildIndependentTargetsInParallel = YES;
				LastUpgradeCheck = 1430;
				TargetAttributes = {
					86EA8856631C4CDB7CD4D837 = {
						TestTargetID = DE794DBBF0A7425611398C6B;
					};
					DE794DBBF0A7425611398C6B = {
						DevelopmentTeam = "";
						ProvisioningStyle = Automatic;
					};
				};
			};
			buildConfigurationList = AF1CD59A3248A57FAEC89062 /* Build configuration list for PBXProject "MagicCoffee" */;
			developmentRegion = en;
			hasScannedForEncodings = 0;
			knownRegions = (
				Base,
				en,
			);
			mainGroup = 5BC9D7B0D8BBDB9DE9A470D6;
			minimizedProjectReferenceProxies = 1;
			preferredProjectObjectVersion = 77;
			productRefGroup = 75647D8309107875FBC48D39 /* Products */;
			projectDirPath = "";
			projectRoot = "";
			targets = (
				DE794DBBF0A7425611398C6B /* MagicCoffee */,
				19C4C1D3A32C451F87D232C7 /* MagicCoffeeTests */,
				86EA8856631C4CDB7CD4D837 /* MagicCoffeeUITests */,
			);
		};
/* End PBXProject section */

/* Begin PBXResourcesBuildPhase section */
		D97FDFC9629CC1FB54A8EBBD /* Resources */ = {
			isa = PBXResourcesBuildPhase;
			buildActionMask = 2147483647;
			files = (
				9D4C3E07E3049B23E7CFFB7E /* Assets.xcassets in Resources */,
				939BFB3DB14D301DB03399B7 /* DMSans-Medium.ttf in Resources */,
				A5DACB77258CFE751546FB9A /* DMSans-Regular.ttf in Resources */,
				49DF3E06D78841144905CDBF /* Poppins-Bold.ttf in Resources */,
				DD07E7B2AD7795FC17F19E66 /* Poppins-Medium.ttf in Resources */,
				F77FE3341959684485333FBF /* Poppins-Regular.ttf in Resources */,
			);
			runOnlyForDeploymentPostprocessing = 0;
		};
/* End PBXResourcesBuildPhase section */

/* Begin PBXSourcesBuildPhase section */
		2A432C37940DFC997AFF78D2 /* Sources */ = {
			isa = PBXSourcesBuildPhase;
			buildActionMask = 2147483647;
			files = (
				9C9AB77B4DE3BDD90E157A55 /* AdditivesSelectionViewController.swift in Sources */,
				1DB894BC6C7A95E87CD7DABD /* AdditivesSelectionViewModel.swift in Sources */,
				F276C4DB0D611ADA111BEC8E /* AppCoordinator.swift in Sources */,
				0F2C02E134E24351D8194809 /* AppDelegate.swift in Sources */,
				5070C0274555AD639C7A8BB0 /* AssemblageCoordinator.swift in Sources */,
				62F25BBEF352D059E9390312 /* AssemblageState.swift in Sources */,
				2741BE5699B4D2C414C4BF5E /* AssemblageSummaryViewController.swift in Sources */,
				EB54D1B56C896AC02E9EABC3 /* AssemblageSummaryViewModel.swift in Sources */,
				3BC3407AAE0AA9B4443FCA58 /* AuthCoordinator.swift in Sources */,
				CF8E19D5B4080E8CF17CD33B /* AuthError.swift in Sources */,
				71AD1E3C9C3C069965877684 /* AuthService.swift in Sources */,
				8DEB71A2F79DCA470D2C1631 /* AuthUI.swift in Sources */,
				845D442C2B9FDB6B1F532907 /* BaristaSelectionViewController.swift in Sources */,
				C0E77A85876162D80B85F882 /* BaristaSelectionViewModel.swift in Sources */,
				25C9600AED5CAE4703479D2D /* BaristaService.swift in Sources */,
				C1D9BB08D7249FA43A59A430 /* BaseViewModel.swift in Sources */,
				46B2423853A34CAAD80305F6 /* CatalogCoordinator.swift in Sources */,
				223F95E7BE182B7FBBEF8DD0 /* CatalogViewController.swift in Sources */,
				9989953A2D416658387DC44A /* CatalogViewModel.swift in Sources */,
				1A9543971AC8A707F69F85B3 /* CheckoutCoordinator.swift in Sources */,
				95A5C45B137DCD712C5BA4AD /* CoffeeSortSelectionViewController.swift in Sources */,
				A6C24D6FA626811B6D50125B /* CoffeeSortSelectionViewModel.swift in Sources */,
				5010EF95A5735B1C409473FC /* ConfirmationViewController.swift in Sources */,
				5797BFE457FD53E229786566 /* ConfirmationViewModel.swift in Sources */,
				A8FBFFD43098E851AE4AB1CA /* Coordinator.swift in Sources */,
				73F71F7CBBEC6434502B663D /* CoreDataStack.swift in Sources */,
				BF265C2BA4965ACC2A369F8B /* CountrySelectionViewController.swift in Sources */,
				D1802AC32C202F60D4FE628A /* CountrySelectionViewModel.swift in Sources */,
				F854CA1FC4E963C468CD6B1A /* DataSeeder.swift in Sources */,
				A83F33516E36712EE9F5A3B1 /* EncyclopediaViewController.swift in Sources */,
				A379D91F61D5C0009D3B0DEC /* EncyclopediaViewModel.swift in Sources */,
				C444808F8D2FE26555E2F556 /* ForgotPasswordViewController.swift in Sources */,
				8D6133A525A4B4B81A314DBA /* ForgotPasswordViewModel.swift in Sources */,
				BB5E8FC1A9E28FEE104E4DED /* HistoryOrdersViewController.swift in Sources */,
				2DE9E320872E2B1A7D648CEF /* HistoryOrdersViewModel.swift in Sources */,
				9FBD9F9DCDA8E67DFC8E4671 /* ImageFileManager.swift in Sources */,
				85D28E38CDCDF8D642B4CBD6 /* LoyaltyService.swift in Sources */,
				ECA64FDA900BE8D5C848F76F /* MCButton.swift in Sources */,
				5AEC1E48551B55C645C1F03A /* MCTextField.swift in Sources */,
				AE46A669C0114CCAE49D3F6C /* MagicCoffee.xcdatamodeld in Sources */,
				5E4DA6647B85047CF0B55917 /* MainTabCoordinator.swift in Sources */,
				9BC5BEBD53EECE4C355D68EF /* MapViewController.swift in Sources */,
				6C36687ED2F659ACBB1CF75B /* MapViewModel.swift in Sources */,
				65A1C85F389DFEDB7B47FE92 /* MilkSelectionViewController.swift in Sources */,
				231BC50DAEABF8A496783130 /* MilkSelectionViewModel.swift in Sources */,
				BD821E643AF16CC06781C686 /* MyOrdersCoordinator.swift in Sources */,
				913F2351400608AB21F4F3AC /* MyOrdersViewController.swift in Sources */,
				F09B5EA0EC389B56996F2B33 /* OngoingOrdersViewController.swift in Sources */,
				FAE03F36AD1E11E5EBB21F95 /* OngoingOrdersViewModel.swift in Sources */,
				D614167E5F6B3BD2EFFAC42B /* OrderService.swift in Sources */,
				462EF13A08FD14F0C5A33F20 /* PaymentViewController.swift in Sources */,
				8BD6E022CDC89B32B0B372C1 /* PaymentViewModel.swift in Sources */,
				A92031C893D7BE5D0F7430F3 /* PrePaymentListViewController.swift in Sources */,
				67261DDF414BA1973AA02062 /* PrePaymentListViewModel.swift in Sources */,
				121BD04631EB1829ECE08815 /* ProductDetailViewController.swift in Sources */,
				EAE721CE131A4AB3D9779F37 /* ProductDetailViewModel.swift in Sources */,
				F467B678AC0AB6E984635359 /* ProductService.swift in Sources */,
				61A9E4B8C040CE732432589E /* ProfileCoordinator.swift in Sources */,
				485CC49D5C4E33F2558AB573 /* ProfileViewController.swift in Sources */,
				A518C329B65B5F5F3C4FADFF /* ProfileViewModel.swift in Sources */,
				DD0A6D1B7F6BFB76F8025223 /* RedeemViewController.swift in Sources */,
				2F2C2026BCFC11EB21B13509 /* RedeemViewModel.swift in Sources */,
				AA999A3BC1FEB4D02A22FC59 /* ReviewViewController.swift in Sources */,
				40CDA7D00AFE1109D96C90C8 /* ReviewViewModel.swift in Sources */,
				A66F55692BE1B418E0472FCA /* RewardsCoordinator.swift in Sources */,
				03E667ED9034CC025B6468D7 /* RewardsViewController.swift in Sources */,
				A7D38687CAA6BB22DA2AE0D7 /* RewardsViewModel.swift in Sources */,
				25FA751D0A04F8DE79E87930 /* SceneDelegate.swift in Sources */,
				E7AD300960D7A399962B058B /* SignInViewController.swift in Sources */,
				AD1501152771F1A62DE376B9 /* SignInViewModel.swift in Sources */,
				D2FBA872BD760055B8EDE6C6 /* SignUpViewController.swift in Sources */,
				40FC77A223A7D4038D03C08F /* SignUpViewModel.swift in Sources */,
				24433B056DC805BC12A1AEBC /* SplashViewController.swift in Sources */,
				00C30C78C3B3DCBB2510965B /* SplashViewModel.swift in Sources */,
				517CE4FC1145F2826BDB937A /* StoreListViewController.swift in Sources */,
				D2C65E29E5C306DA0CC3B1C9 /* StoreListViewModel.swift in Sources */,
				8CDA2D81F5824C7A96FFC459 /* StoreSelectionCoordinator.swift in Sources */,
				D5D47F9E391381B7CA94DAA0 /* StoreService.swift in Sources */,
				E94EC1D498A5758A692B0817 /* SyrupSelectionViewController.swift in Sources */,
				1D9C04D0FCBC70FB9BA8B05B /* SyrupSelectionViewModel.swift in Sources */,
				045BF3100512B4E3D09C90AD /* UIColor+DesignSystem.swift in Sources */,
				8B2A4EA5A8CFF0E5EA69667E /* UIFont+DesignSystem.swift in Sources */,
				BECAD883DDEDB0BC13DD80BC /* UIViewController+Add.swift in Sources */,
				451B3D032CEA57E72D60EC9B /* VerificationViewController.swift in Sources */,
				5F24559187679344CA5D759E /* VerificationViewModel.swift in Sources */,
			);
			runOnlyForDeploymentPostprocessing = 0;
		};
		338ADD346D29D84165E057C5 /* Sources */ = {
			isa = PBXSourcesBuildPhase;
			buildActionMask = 2147483647;
			files = (
				F65E890156C5C01B3981B1F7 /* AuthFlowUITests.swift in Sources */,
				9CDA247BCBAABD42B7588512 /* MagicCoffeeUITests.swift in Sources */,
				DC26AA88C3BE4DBB684C60BC /* ScreenshotCaptureTests.swift in Sources */,
			);
			runOnlyForDeploymentPostprocessing = 0;
		};
		B48694CE61CA9CB1EDC60572 /* Sources */ = {
			isa = PBXSourcesBuildPhase;
			buildActionMask = 2147483647;
			files = (
				C561A76C49B0F18B26E506E4 /* AssemblageStateTests.swift in Sources */,
				07FA7CA9C901430FECEFA38A /* AuthServiceTests.swift in Sources */,
				8E2E3B7E75647C3C37F5F6A4 /* BaristaServiceTests.swift in Sources */,
				E38484CFA2620D1269609550 /* CoreDataStackTests.swift in Sources */,
				8114F2770341F11AAC8C4BF3 /* DataSeederTests.swift in Sources */,
				91E2AFBE2B0B7B9E6DDBE3B4 /* LoyaltyServiceTests.swift in Sources */,
				D2C89DCFF00957576A181C51 /* MyOrdersTests.swift in Sources */,
				56DB96FAEEDC6AB36956EE56 /* OrderServiceTests.swift in Sources */,
				986FAF745E57DA9F0CEB2667 /* ProductServiceTests.swift in Sources */,
				F25674C9CC11D555E56B46DF /* ProfileViewModelTests.swift in Sources */,
				268D65C04216027D2E14526D /* ReviewViewModelTests.swift in Sources */,
				FBE144BED3668F3F13078646 /* StoreServiceTests.swift in Sources */,
				B61DA88AA0A7601BEBF75F8C /* TestCoreDataSupport.swift in Sources */,
				FD6D8F9A5642A92CE9BADFD5 /* VerificationViewModelTests.swift in Sources */,
			);
			runOnlyForDeploymentPostprocessing = 0;
		};
/* End PBXSourcesBuildPhase section */

/* Begin PBXTargetDependency section */
		27AA12AC6218191ACF021324 /* PBXTargetDependency */ = {
			isa = PBXTargetDependency;
			target = DE794DBBF0A7425611398C6B /* MagicCoffee */;
			targetProxy = C20E078183929F41078B00D8 /* PBXContainerItemProxy */;
		};
		B6FAC500016E3A6F14F62187 /* PBXTargetDependency */ = {
			isa = PBXTargetDependency;
			target = DE794DBBF0A7425611398C6B /* MagicCoffee */;
			targetProxy = FDB866553D82C970DCF2D2BC /* PBXContainerItemProxy */;
		};
/* End PBXTargetDependency section */

/* Begin XCBuildConfiguration section */
		2941C60AB1A35308C604E2B8 /* Debug */ = {
			isa = XCBuildConfiguration;
			buildSettings = {
				BUNDLE_LOADER = "$(TEST_HOST)";
				GENERATE_INFOPLIST_FILE = YES;
				IPHONEOS_DEPLOYMENT_TARGET = 16.0;
				LD_RUNPATH_SEARCH_PATHS = (
					"$(inherited)",
					"@executable_path/Frameworks",
					"@loader_path/Frameworks",
				);
				PRODUCT_BUNDLE_IDENTIFIER = com.baha.magiccoffee.uitests;
				SDKROOT = iphoneos;
				SWIFT_VERSION = 5.9;
				TARGETED_DEVICE_FAMILY = "1,2";
				TEST_TARGET_NAME = MagicCoffee;
			};
			name = Debug;
		};
		46E0548EF3D3A719F10C7823 /* Release */ = {
			isa = XCBuildConfiguration;
			buildSettings = {
				ALWAYS_SEARCH_USER_PATHS = NO;
				CLANG_ANALYZER_NONNULL = YES;
				CLANG_ANALYZER_NUMBER_OBJECT_CONVERSION = YES_AGGRESSIVE;
				CLANG_CXX_LANGUAGE_STANDARD = "gnu++14";
				CLANG_CXX_LIBRARY = "libc++";
				CLANG_ENABLE_MODULES = YES;
				CLANG_ENABLE_OBJC_ARC = YES;
				CLANG_ENABLE_OBJC_WEAK = YES;
				CLANG_WARN_BLOCK_CAPTURE_AUTORELEASING = YES;
				CLANG_WARN_BOOL_CONVERSION = YES;
				CLANG_WARN_COMMA = YES;
				CLANG_WARN_CONSTANT_CONVERSION = YES;
				CLANG_WARN_DEPRECATED_OBJC_IMPLEMENTATIONS = YES;
				CLANG_WARN_DIRECT_OBJC_ISA_USAGE = YES_ERROR;
				CLANG_WARN_DOCUMENTATION_COMMENTS = YES;
				CLANG_WARN_EMPTY_BODY = YES;
				CLANG_WARN_ENUM_CONVERSION = YES;
				CLANG_WARN_INFINITE_RECURSION = YES;
				CLANG_WARN_INT_CONVERSION = YES;
				CLANG_WARN_NON_LITERAL_NULL_CONVERSION = YES;
				CLANG_WARN_OBJC_IMPLICIT_RETAIN_SELF = YES;
				CLANG_WARN_OBJC_LITERAL_CONVERSION = YES;
				CLANG_WARN_OBJC_ROOT_CLASS = YES_ERROR;
				CLANG_WARN_QUOTED_INCLUDE_IN_FRAMEWORK_HEADER = YES;
				CLANG_WARN_RANGE_LOOP_ANALYSIS = YES;
				CLANG_WARN_STRICT_PROTOTYPES = YES;
				CLANG_WARN_SUSPICIOUS_MOVE = YES;
				CLANG_WARN_UNGUARDED_AVAILABILITY = YES_AGGRESSIVE;
				CLANG_WARN_UNREACHABLE_CODE = YES;
				CLANG_WARN__DUPLICATE_METHOD_MATCH = YES;
				COPY_PHASE_STRIP = NO;
				DEBUG_INFORMATION_FORMAT = "dwarf-with-dsym";
				ENABLE_NS_ASSERTIONS = NO;
				ENABLE_STRICT_OBJC_MSGSEND = YES;
				GCC_C_LANGUAGE_STANDARD = gnu11;
				GCC_NO_COMMON_BLOCKS = YES;
				GCC_WARN_64_TO_32_BIT_CONVERSION = YES;
				GCC_WARN_ABOUT_RETURN_TYPE = YES_ERROR;
				GCC_WARN_UNDECLARED_SELECTOR = YES;
				GCC_WARN_UNINITIALIZED_AUTOS = YES_AGGRESSIVE;
				GCC_WARN_UNUSED_FUNCTION = YES;
				GCC_WARN_UNUSED_VARIABLE = YES;
				IPHONEOS_DEPLOYMENT_TARGET = 16.0;
				MTL_ENABLE_DEBUG_INFO = NO;
				MTL_FAST_MATH = YES;
				PRODUCT_NAME = "$(TARGET_NAME)";
				SDKROOT = iphoneos;
				SWIFT_COMPILATION_MODE = wholemodule;
				SWIFT_OPTIMIZATION_LEVEL = "-O";
				SWIFT_VERSION = 5.9;
			};
			name = Release;
		};
		8458C31A253EDBD3E3099E9D /* Debug */ = {
			isa = XCBuildConfiguration;
			buildSettings = {
				BUNDLE_LOADER = "$(TEST_HOST)";
				GENERATE_INFOPLIST_FILE = YES;
				IPHONEOS_DEPLOYMENT_TARGET = 16.0;
				LD_RUNPATH_SEARCH_PATHS = (
					"$(inherited)",
					"@executable_path/Frameworks",
					"@loader_path/Frameworks",
				);
				PRODUCT_BUNDLE_IDENTIFIER = com.baha.magiccoffeetests;
				SDKROOT = iphoneos;
				SWIFT_VERSION = 5.9;
				TARGETED_DEVICE_FAMILY = "1,2";
				TEST_HOST = "$(BUILT_PRODUCTS_DIR)/MagicCoffee.app/MagicCoffee";
			};
			name = Debug;
		};
		8AF39F04F1FA02FEC8FE2F94 /* Debug */ = {
			isa = XCBuildConfiguration;
			buildSettings = {
				ALWAYS_SEARCH_USER_PATHS = NO;
				CLANG_ANALYZER_NONNULL = YES;
				CLANG_ANALYZER_NUMBER_OBJECT_CONVERSION = YES_AGGRESSIVE;
				CLANG_CXX_LANGUAGE_STANDARD = "gnu++14";
				CLANG_CXX_LIBRARY = "libc++";
				CLANG_ENABLE_MODULES = YES;
				CLANG_ENABLE_OBJC_ARC = YES;
				CLANG_ENABLE_OBJC_WEAK = YES;
				CLANG_WARN_BLOCK_CAPTURE_AUTORELEASING = YES;
				CLANG_WARN_BOOL_CONVERSION = YES;
				CLANG_WARN_COMMA = YES;
				CLANG_WARN_CONSTANT_CONVERSION = YES;
				CLANG_WARN_DEPRECATED_OBJC_IMPLEMENTATIONS = YES;
				CLANG_WARN_DIRECT_OBJC_ISA_USAGE = YES_ERROR;
				CLANG_WARN_DOCUMENTATION_COMMENTS = YES;
				CLANG_WARN_EMPTY_BODY = YES;
				CLANG_WARN_ENUM_CONVERSION = YES;
				CLANG_WARN_INFINITE_RECURSION = YES;
				CLANG_WARN_INT_CONVERSION = YES;
				CLANG_WARN_NON_LITERAL_NULL_CONVERSION = YES;
				CLANG_WARN_OBJC_IMPLICIT_RETAIN_SELF = YES;
				CLANG_WARN_OBJC_LITERAL_CONVERSION = YES;
				CLANG_WARN_OBJC_ROOT_CLASS = YES_ERROR;
				CLANG_WARN_QUOTED_INCLUDE_IN_FRAMEWORK_HEADER = YES;
				CLANG_WARN_RANGE_LOOP_ANALYSIS = YES;
				CLANG_WARN_STRICT_PROTOTYPES = YES;
				CLANG_WARN_SUSPICIOUS_MOVE = YES;
				CLANG_WARN_UNGUARDED_AVAILABILITY = YES_AGGRESSIVE;
				CLANG_WARN_UNREACHABLE_CODE = YES;
				CLANG_WARN__DUPLICATE_METHOD_MATCH = YES;
				COPY_PHASE_STRIP = NO;
				DEBUG_INFORMATION_FORMAT = dwarf;
				ENABLE_STRICT_OBJC_MSGSEND = YES;
				ENABLE_TESTABILITY = YES;
				GCC_C_LANGUAGE_STANDARD = gnu11;
				GCC_DYNAMIC_NO_PIC = NO;
				GCC_NO_COMMON_BLOCKS = YES;
				GCC_OPTIMIZATION_LEVEL = 0;
				GCC_PREPROCESSOR_DEFINITIONS = (
					"$(inherited)",
					"DEBUG=1",
				);
				GCC_WARN_64_TO_32_BIT_CONVERSION = YES;
				GCC_WARN_ABOUT_RETURN_TYPE = YES_ERROR;
				GCC_WARN_UNDECLARED_SELECTOR = YES;
				GCC_WARN_UNINITIALIZED_AUTOS = YES_AGGRESSIVE;
				GCC_WARN_UNUSED_FUNCTION = YES;
				GCC_WARN_UNUSED_VARIABLE = YES;
				IPHONEOS_DEPLOYMENT_TARGET = 16.0;
				MTL_ENABLE_DEBUG_INFO = INCLUDE_SOURCE;
				MTL_FAST_MATH = YES;
				ONLY_ACTIVE_ARCH = YES;
				PRODUCT_NAME = "$(TARGET_NAME)";
				SDKROOT = iphoneos;
				SWIFT_ACTIVE_COMPILATION_CONDITIONS = DEBUG;
				SWIFT_OPTIMIZATION_LEVEL = "-Onone";
				SWIFT_VERSION = 5.9;
			};
			name = Debug;
		};
		8EB6E5A13FB024A834477484 /* Release */ = {
			isa = XCBuildConfiguration;
			buildSettings = {
				BUNDLE_LOADER = "$(TEST_HOST)";
				GENERATE_INFOPLIST_FILE = YES;
				IPHONEOS_DEPLOYMENT_TARGET = 16.0;
				LD_RUNPATH_SEARCH_PATHS = (
					"$(inherited)",
					"@executable_path/Frameworks",
					"@loader_path/Frameworks",
				);
				PRODUCT_BUNDLE_IDENTIFIER = com.baha.magiccoffee.uitests;
				SDKROOT = iphoneos;
				SWIFT_VERSION = 5.9;
				TARGETED_DEVICE_FAMILY = "1,2";
				TEST_TARGET_NAME = MagicCoffee;
			};
			name = Release;
		};
		8F434FF3E23D9C5FFDCDDC7B /* Release */ = {
			isa = XCBuildConfiguration;
			buildSettings = {
				ASSETCATALOG_COMPILER_APPICON_NAME = AppIcon;
				CODE_SIGNING_ALLOWED = NO;
				CODE_SIGNING_REQUIRED = NO;
				CODE_SIGN_IDENTITY = "iPhone Developer";
				CODE_SIGN_STYLE = Automatic;
				CURRENT_PROJECT_VERSION = 1;
				DEVELOPMENT_TEAM = "";
				GENERATE_INFOPLIST_FILE = NO;
				INFOPLIST_FILE = MagicCoffee/Resources/Info.plist;
				IPHONEOS_DEPLOYMENT_TARGET = 16.0;
				LD_RUNPATH_SEARCH_PATHS = (
					"$(inherited)",
					"@executable_path/Frameworks",
				);
				MARKETING_VERSION = 1.0;
				PRODUCT_BUNDLE_IDENTIFIER = com.baha.magiccoffee;
				SDKROOT = iphoneos;
				SWIFT_VERSION = 5.9;
				TARGETED_DEVICE_FAMILY = 1;
			};
			name = Release;
		};
		ACB670A1D0CB7FE19BDCCA92 /* Debug */ = {
			isa = XCBuildConfiguration;
			buildSettings = {
				ASSETCATALOG_COMPILER_APPICON_NAME = AppIcon;
				CODE_SIGNING_ALLOWED = NO;
				CODE_SIGNING_REQUIRED = NO;
				CODE_SIGN_IDENTITY = "iPhone Developer";
				CODE_SIGN_STYLE = Automatic;
				CURRENT_PROJECT_VERSION = 1;
				DEVELOPMENT_TEAM = "";
				GENERATE_INFOPLIST_FILE = NO;
				INFOPLIST_FILE = MagicCoffee/Resources/Info.plist;
				IPHONEOS_DEPLOYMENT_TARGET = 16.0;
				LD_RUNPATH_SEARCH_PATHS = (
					"$(inherited)",
					"@executable_path/Frameworks",
				);
				MARKETING_VERSION = 1.0;
				PRODUCT_BUNDLE_IDENTIFIER = com.baha.magiccoffee;
				SDKROOT = iphoneos;
				SWIFT_VERSION = 5.9;
				TARGETED_DEVICE_FAMILY = 1;
			};
			name = Debug;
		};
		C05FAED9A38235437718EDD7 /* Release */ = {
			isa = XCBuildConfiguration;
			buildSettings = {
				BUNDLE_LOADER = "$(TEST_HOST)";
				GENERATE_INFOPLIST_FILE = YES;
				IPHONEOS_DEPLOYMENT_TARGET = 16.0;
				LD_RUNPATH_SEARCH_PATHS = (
					"$(inherited)",
					"@executable_path/Frameworks",
					"@loader_path/Frameworks",
				);
				PRODUCT_BUNDLE_IDENTIFIER = com.baha.magiccoffeetests;
				SDKROOT = iphoneos;
				SWIFT_VERSION = 5.9;
				TARGETED_DEVICE_FAMILY = "1,2";
				TEST_HOST = "$(BUILT_PRODUCTS_DIR)/MagicCoffee.app/MagicCoffee";
			};
			name = Release;
		};
/* End XCBuildConfiguration section */

/* Begin XCConfigurationList section */
		1C704F89073A3480E8FE67F0 /* Build configuration list for PBXNativeTarget "MagicCoffeeUITests" */ = {
			isa = XCConfigurationList;
			buildConfigurations = (
				2941C60AB1A35308C604E2B8 /* Debug */,
				8EB6E5A13FB024A834477484 /* Release */,
			);
			defaultConfigurationIsVisible = 0;
			defaultConfigurationName = Debug;
		};
		298F7341467EC5AC95D06E48 /* Build configuration list for PBXNativeTarget "MagicCoffeeTests" */ = {
			isa = XCConfigurationList;
			buildConfigurations = (
				8458C31A253EDBD3E3099E9D /* Debug */,
				C05FAED9A38235437718EDD7 /* Release */,
			);
			defaultConfigurationIsVisible = 0;
			defaultConfigurationName = Debug;
		};
		A6527FB762AAFDDB7407960C /* Build configuration list for PBXNativeTarget "MagicCoffee" */ = {
			isa = XCConfigurationList;
			buildConfigurations = (
				ACB670A1D0CB7FE19BDCCA92 /* Debug */,
				8F434FF3E23D9C5FFDCDDC7B /* Release */,
			);
			defaultConfigurationIsVisible = 0;
			defaultConfigurationName = Debug;
		};
		AF1CD59A3248A57FAEC89062 /* Build configuration list for PBXProject "MagicCoffee" */ = {
			isa = XCConfigurationList;
			buildConfigurations = (
				8AF39F04F1FA02FEC8FE2F94 /* Debug */,
				46E0548EF3D3A719F10C7823 /* Release */,
			);
			defaultConfigurationIsVisible = 0;
			defaultConfigurationName = Debug;
		};
/* End XCConfigurationList section */

/* Begin XCVersionGroup section */
		77BD71DDA1E55353537B2556 /* MagicCoffee.xcdatamodeld */ = {
			isa = XCVersionGroup;
			children = (
				C0ED367B49E56DFBC393BEEA /* MagicCoffee.xcdatamodel */,
			);
			currentVersion = C0ED367B49E56DFBC393BEEA /* MagicCoffee.xcdatamodel */;
			path = MagicCoffee.xcdatamodeld;
			sourceTree = "<group>";
			versionGroupType = wrapper.xcdatamodel;
		};
/* End XCVersionGroup section */
	};
	rootObject = 8286E50AB8B3FFF8D35722E5 /* Project object */;
}
